
Microsoft Visual Studio Solution File, Format Version 12.00
# Visual Studio 15
VisualStudioVersion = 15.0.26124.0
MinimumVisualStudioVersion = 15.0.26124.0
Project("{2150E333-8FDC-42A3-9474-1A3956D46DE8}") = "prod", "prod", "{15C9916C-45D8-43BF-83B0-BA3FE645854F}"
EndProject
Project("{FAE04EC0-301F-11D3-BF4B-00C04F79EFBC}") = "Day_01", "prod\Day_01\Day_01.csproj", "{9A804CA9-E42A-41E1-ABA1-96CA6A0BA8A7}"
EndProject
Project("{FAE04EC0-301F-11D3-BF4B-00C04F79EFBC}") = "Day_02", "prod\Day_02\Day_02.csproj", "{FDB454D4-9F6D-414D-BAA4-839DA3A2D0C0}"
EndProject
Project("{FAE04EC0-301F-11D3-BF4B-00C04F79EFBC}") = "Day_03", "prod\Day_03\Day_03.csproj", "{6FE9347F-E561-47D1-9EF2-CA846F3F52F4}"
EndProject
Project("{FAE04EC0-301F-11D3-BF4B-00C04F79EFBC}") = "Day_04", "prod\Day_04\Day_04.csproj", "{9B0D5D0C-C971-4EB3-B7E3-31987A723488}"
EndProject
Project("{FAE04EC0-301F-11D3-BF4B-00C04F79EFBC}") = "Day_05", "prod\Day_05\Day_05.csproj", "{9AB4F5CC-646A-44C5-8B34-67CFBB5A92C8}"
EndProject
Project("{FAE04EC0-301F-11D3-BF4B-00C04F79EFBC}") = "Day_06", "prod\Day_06\Day_06.csproj", "{DF60C8FF-9AE4-4946-BF82-D4192F4B266E}"
EndProject
Project("{FAE04EC0-301F-11D3-BF4B-00C04F79EFBC}") = "Day_07", "prod\Day_07\Day_07.csproj", "{651DC9A6-C3C4-4CDD-9E2B-640000EB66D4}"
EndProject
Project("{FAE04EC0-301F-11D3-BF4B-00C04F79EFBC}") = "Day_08", "prod\Day_08\Day_08.csproj", "{5FB5378F-B040-42A4-89AD-D191297F838F}"
EndProject
Project("{FAE04EC0-301F-11D3-BF4B-00C04F79EFBC}") = "Day_09", "prod\Day_09\Day_09.csproj", "{F5A61531-E8E7-4135-A6AC-0FE62A07A19F}"
EndProject
Project("{FAE04EC0-301F-11D3-BF4B-00C04F79EFBC}") = "Day_10", "prod\Day_10\Day_10.csproj", "{0D0FB5EB-34B8-4D3C-AAE2-5B438EE53ABC}"
EndProject
Project("{FAE04EC0-301F-11D3-BF4B-00C04F79EFBC}") = "Day_11", "prod\Day_11\Day_11.csproj", "{ADFDDFB5-6752-44D2-93DF-7EAA6DF9DA9E}"
EndProject
Project("{FAE04EC0-301F-11D3-BF4B-00C04F79EFBC}") = "Day_12", "prod\Day_12\Day_12.csproj", "{FA54DCB6-BD8C-48D9-A10D-87C086241E5B}"
EndProject
Project("{FAE04EC0-301F-11D3-BF4B-00C04F79EFBC}") = "Day_13", "prod\Day_13\Day_13.csproj", "{E6C76150-F55E-425E-A43D-D804000E12C6}"
EndProject
Project("{FAE04EC0-301F-11D3-BF4B-00C04F79EFBC}") = "Day_14", "prod\Day_14\Day_14.csproj", "{AF9EB00C-E991-49BE-8149-5E10CBD69AAE}"
EndProject
Project("{FAE04EC0-301F-11D3-BF4B-00C04F79EFBC}") = "Day_15", "prod\Day_15\Day_15.csproj", "{9D30BB34-2DC6-4EDE-803C-BE720F1A7131}"
EndProject
Project("{FAE04EC0-301F-11D3-BF4B-00C04F79EFBC}") = "Day_16", "prod\Day_16\Day_16.csproj", "{BBABFADB-9BC8-47D8-95B5-78825314B37A}"
EndProject
Project("{FAE04EC0-301F-11D3-BF4B-00C04F79EFBC}") = "Shared", "prod\Shared\Shared.csproj", "{11D6B864-311E-494B-AAF4-0D9E1F66B089}"
EndProject
Project("{2150E333-8FDC-42A3-9474-1A3956D46DE8}") = "test", "test", "{53DD025A-35F0-4B60-895C-9F1A78BECF7E}"
EndProject
Project("{FAE04EC0-301F-11D3-BF4B-00C04F79EFBC}") = "Test_Day_01", "test\Test_Day_01\Test_Day_01.csproj", "{401392EC-BFF7-4BBF-9AEA-49C6F5664D2A}"
EndProject
Project("{FAE04EC0-301F-11D3-BF4B-00C04F79EFBC}") = "Test_Day_02", "test\Test_Day_02\Test_Day_02.csproj", "{7C776097-A1F0-486F-B84F-56670EFF0857}"
EndProject
Project("{FAE04EC0-301F-11D3-BF4B-00C04F79EFBC}") = "Test_Day_04", "test\Test_Day_04\Test_Day_04.csproj", "{D7E5600C-1F23-4BAE-B4B5-80BD67DB7E7F}"
EndProject
Project("{FAE04EC0-301F-11D3-BF4B-00C04F79EFBC}") = "Test_Day_05", "test\Test_Day_05\Test_Day_05.csproj", "{E0724E02-9FC1-4188-BF7C-EB99B891FB46}"
EndProject
Project("{FAE04EC0-301F-11D3-BF4B-00C04F79EFBC}") = "Test_Day_07", "test\Test_Day_07\Test_Day_07.csproj", "{3A4FB610-DB5D-4356-BE65-75503AAD9A84}"
EndProject
Project("{FAE04EC0-301F-11D3-BF4B-00C04F79EFBC}") = "Test_Day_08", "test\Test_Day_08\Test_Day_08.csproj", "{F161A98D-022F-45F8-95EB-E45E99856617}"
EndProject
Project("{FAE04EC0-301F-11D3-BF4B-00C04F79EFBC}") = "Test_Day_10", "test\Test_Day_10\Test_Day_10.csproj", "{F6B28E78-27B7-4ECC-A74A-F41B5F85DEA5}"
EndProject
Project("{FAE04EC0-301F-11D3-BF4B-00C04F79EFBC}") = "Test_Day_11", "test\Test_Day_11\Test_Day_11.csproj", "{F3328025-1211-4A0B-87E7-B13EB6AA88E0}"
EndProject
Project("{FAE04EC0-301F-11D3-BF4B-00C04F79EFBC}") = "Test_Day_12", "test\Test_Day_12\Test_Day_12.csproj", "{8FE99848-4E1B-4DDC-8923-F82F90A322E4}"
EndProject
Project("{FAE04EC0-301F-11D3-BF4B-00C04F79EFBC}") = "Test_Day_14", "test\Test_Day_14\Test_Day_14.csproj", "{7138960A-0D8C-44B1-AC45-79FBE8FC0DE4}"
EndProject
Project("{FAE04EC0-301F-11D3-BF4B-00C04F79EFBC}") = "Test_Day_15", "test\Test_Day_15\Test_Day_15.csproj", "{2640A511-275D-49D8-A89B-8D99C3908D55}"
EndProject
Project("{FAE04EC0-301F-11D3-BF4B-00C04F79EFBC}") = "Test_Day_16", "test\Test_Day_16\Test_Day_16.csproj", "{E40CF767-40F6-4EA7-98A1-E79C2EE84AA6}"
EndProject
Project("{FAE04EC0-301F-11D3-BF4B-00C04F79EFBC}") = "Test_Shared", "test\Test_Shared\Test_Shared.csproj", "{C8318796-0B24-40AE-AD89-AFA244D93D73}"
EndProject
Global
	GlobalSection(SolutionConfigurationPlatforms) = preSolution
		Debug|Any CPU = Debug|Any CPU
		Debug|x64 = Debug|x64
		Debug|x86 = Debug|x86
		Release|Any CPU = Release|Any CPU
		Release|x64 = Release|x64
		Release|x86 = Release|x86
	EndGlobalSection
	GlobalSection(SolutionProperties) = preSolution
		HideSolutionNode = FALSE
	EndGlobalSection
	GlobalSection(ProjectConfigurationPlatforms) = postSolution
		{9A804CA9-E42A-41E1-ABA1-96CA6A0BA8A7}.Debug|Any CPU.ActiveCfg = Debug|Any CPU
		{9A804CA9-E42A-41E1-ABA1-96CA6A0BA8A7}.Debug|Any CPU.Build.0 = Debug|Any CPU
		{9A804CA9-E42A-41E1-ABA1-96CA6A0BA8A7}.Debug|x64.ActiveCfg = Debug|Any CPU
		{9A804CA9-E42A-41E1-ABA1-96CA6A0BA8A7}.Debug|x64.Build.0 = Debug|Any CPU
		{9A804CA9-E42A-41E1-ABA1-96CA6A0BA8A7}.Debug|x86.ActiveCfg = Debug|Any CPU
		{9A804CA9-E42A-41E1-ABA1-96CA6A0BA8A7}.Debug|x86.Build.0 = Debug|Any CPU
		{9A804CA9-E42A-41E1-ABA1-96CA6A0BA8A7}.Release|Any CPU.ActiveCfg = Release|Any CPU
		{9A804CA9-E42A-41E1-ABA1-96CA6A0BA8A7}.Release|Any CPU.Build.0 = Release|Any CPU
		{9A804CA9-E42A-41E1-ABA1-96CA6A0BA8A7}.Release|x64.ActiveCfg = Release|Any CPU
		{9A804CA9-E42A-41E1-ABA1-96CA6A0BA8A7}.Release|x64.Build.0 = Release|Any CPU
		{9A804CA9-E42A-41E1-ABA1-96CA6A0BA8A7}.Release|x86.ActiveCfg = Release|Any CPU
		{9A804CA9-E42A-41E1-ABA1-96CA6A0BA8A7}.Release|x86.Build.0 = Release|Any CPU
		{FDB454D4-9F6D-414D-BAA4-839DA3A2D0C0}.Debug|Any CPU.ActiveCfg = Debug|Any CPU
		{FDB454D4-9F6D-414D-BAA4-839DA3A2D0C0}.Debug|Any CPU.Build.0 = Debug|Any CPU
		{FDB454D4-9F6D-414D-BAA4-839DA3A2D0C0}.Debug|x64.ActiveCfg = Debug|Any CPU
		{FDB454D4-9F6D-414D-BAA4-839DA3A2D0C0}.Debug|x64.Build.0 = Debug|Any CPU
		{FDB454D4-9F6D-414D-BAA4-839DA3A2D0C0}.Debug|x86.ActiveCfg = Debug|Any CPU
		{FDB454D4-9F6D-414D-BAA4-839DA3A2D0C0}.Debug|x86.Build.0 = Debug|Any CPU
		{FDB454D4-9F6D-414D-BAA4-839DA3A2D0C0}.Release|Any CPU.ActiveCfg = Release|Any CPU
		{FDB454D4-9F6D-414D-BAA4-839DA3A2D0C0}.Release|Any CPU.Build.0 = Release|Any CPU
		{FDB454D4-9F6D-414D-BAA4-839DA3A2D0C0}.Release|x64.ActiveCfg = Release|Any CPU
		{FDB454D4-9F6D-414D-BAA4-839DA3A2D0C0}.Release|x64.Build.0 = Release|Any CPU
		{FDB454D4-9F6D-414D-BAA4-839DA3A2D0C0}.Release|x86.ActiveCfg = Release|Any CPU
		{FDB454D4-9F6D-414D-BAA4-839DA3A2D0C0}.Release|x86.Build.0 = Release|Any CPU
		{6FE9347F-E561-47D1-9EF2-CA846F3F52F4}.Debug|Any CPU.ActiveCfg = Debug|Any CPU
		{6FE9347F-E561-47D1-9EF2-CA846F3F52F4}.Debug|Any CPU.Build.0 = Debug|Any CPU
		{6FE9347F-E561-47D1-9EF2-CA846F3F52F4}.Debug|x64.ActiveCfg = Debug|Any CPU
		{6FE9347F-E561-47D1-9EF2-CA846F3F52F4}.Debug|x64.Build.0 = Debug|Any CPU
		{6FE9347F-E561-47D1-9EF2-CA846F3F52F4}.Debug|x86.ActiveCfg = Debug|Any CPU
		{6FE9347F-E561-47D1-9EF2-CA846F3F52F4}.Debug|x86.Build.0 = Debug|Any CPU
		{6FE9347F-E561-47D1-9EF2-CA846F3F52F4}.Release|Any CPU.ActiveCfg = Release|Any CPU
		{6FE9347F-E561-47D1-9EF2-CA846F3F52F4}.Release|Any CPU.Build.0 = Release|Any CPU
		{6FE9347F-E561-47D1-9EF2-CA846F3F52F4}.Release|x64.ActiveCfg = Release|Any CPU
		{6FE9347F-E561-47D1-9EF2-CA846F3F52F4}.Release|x64.Build.0 = Release|Any CPU
		{6FE9347F-E561-47D1-9EF2-CA846F3F52F4}.Release|x86.ActiveCfg = Release|Any CPU
		{6FE9347F-E561-47D1-9EF2-CA846F3F52F4}.Release|x86.Build.0 = Release|Any CPU
		{9B0D5D0C-C971-4EB3-B7E3-31987A723488}.Debug|Any CPU.ActiveCfg = Debug|Any CPU
		{9B0D5D0C-C971-4EB3-B7E3-31987A723488}.Debug|Any CPU.Build.0 = Debug|Any CPU
		{9B0D5D0C-C971-4EB3-B7E3-31987A723488}.Debug|x64.ActiveCfg = Debug|Any CPU
		{9B0D5D0C-C971-4EB3-B7E3-31987A723488}.Debug|x64.Build.0 = Debug|Any CPU
		{9B0D5D0C-C971-4EB3-B7E3-31987A723488}.Debug|x86.ActiveCfg = Debug|Any CPU
		{9B0D5D0C-C971-4EB3-B7E3-31987A723488}.Debug|x86.Build.0 = Debug|Any CPU
		{9B0D5D0C-C971-4EB3-B7E3-31987A723488}.Release|Any CPU.ActiveCfg = Release|Any CPU
		{9B0D5D0C-C971-4EB3-B7E3-31987A723488}.Release|Any CPU.Build.0 = Release|Any CPU
		{9B0D5D0C-C971-4EB3-B7E3-31987A723488}.Release|x64.ActiveCfg = Release|Any CPU
		{9B0D5D0C-C971-4EB3-B7E3-31987A723488}.Release|x64.Build.0 = Release|Any CPU
		{9B0D5D0C-C971-4EB3-B7E3-31987A723488}.Release|x86.ActiveCfg = Release|Any CPU
		{9B0D5D0C-C971-4EB3-B7E3-31987A723488}.Release|x86.Build.0 = Release|Any CPU
		{9AB4F5CC-646A-44C5-8B34-67CFBB5A92C8}.Debug|Any CPU.ActiveCfg = Debug|Any CPU
		{9AB4F5CC-646A-44C5-8B34-67CFBB5A92C8}.Debug|Any CPU.Build.0 = Debug|Any CPU
		{9AB4F5CC-646A-44C5-8B34-67CFBB5A92C8}.Debug|x64.ActiveCfg = Debug|Any CPU
		{9AB4F5CC-646A-44C5-8B34-67CFBB5A92C8}.Debug|x64.Build.0 = Debug|Any CPU
		{9AB4F5CC-646A-44C5-8B34-67CFBB5A92C8}.Debug|x86.ActiveCfg = Debug|Any CPU
		{9AB4F5CC-646A-44C5-8B34-67CFBB5A92C8}.Debug|x86.Build.0 = Debug|Any CPU
		{9AB4F5CC-646A-44C5-8B34-67CFBB5A92C8}.Release|Any CPU.ActiveCfg = Release|Any CPU
		{9AB4F5CC-646A-44C5-8B34-67CFBB5A92C8}.Release|Any CPU.Build.0 = Release|Any CPU
		{9AB4F5CC-646A-44C5-8B34-67CFBB5A92C8}.Release|x64.ActiveCfg = Release|Any CPU
		{9AB4F5CC-646A-44C5-8B34-67CFBB5A92C8}.Release|x64.Build.0 = Release|Any CPU
		{9AB4F5CC-646A-44C5-8B34-67CFBB5A92C8}.Release|x86.ActiveCfg = Release|Any CPU
		{9AB4F5CC-646A-44C5-8B34-67CFBB5A92C8}.Release|x86.Build.0 = Release|Any CPU
		{DF60C8FF-9AE4-4946-BF82-D4192F4B266E}.Debug|Any CPU.ActiveCfg = Debug|Any CPU
		{DF60C8FF-9AE4-4946-BF82-D4192F4B266E}.Debug|Any CPU.Build.0 = Debug|Any CPU
		{DF60C8FF-9AE4-4946-BF82-D4192F4B266E}.Debug|x64.ActiveCfg = Debug|Any CPU
		{DF60C8FF-9AE4-4946-BF82-D4192F4B266E}.Debug|x64.Build.0 = Debug|Any CPU
		{DF60C8FF-9AE4-4946-BF82-D4192F4B266E}.Debug|x86.ActiveCfg = Debug|Any CPU
		{DF60C8FF-9AE4-4946-BF82-D4192F4B266E}.Debug|x86.Build.0 = Debug|Any CPU
		{DF60C8FF-9AE4-4946-BF82-D4192F4B266E}.Release|Any CPU.ActiveCfg = Release|Any CPU
		{DF60C8FF-9AE4-4946-BF82-D4192F4B266E}.Release|Any CPU.Build.0 = Release|Any CPU
		{DF60C8FF-9AE4-4946-BF82-D4192F4B266E}.Release|x64.ActiveCfg = Release|Any CPU
		{DF60C8FF-9AE4-4946-BF82-D4192F4B266E}.Release|x64.Build.0 = Release|Any CPU
		{DF60C8FF-9AE4-4946-BF82-D4192F4B266E}.Release|x86.ActiveCfg = Release|Any CPU
		{DF60C8FF-9AE4-4946-BF82-D4192F4B266E}.Release|x86.Build.0 = Release|Any CPU
		{651DC9A6-C3C4-4CDD-9E2B-640000EB66D4}.Debug|Any CPU.ActiveCfg = Debug|Any CPU
		{651DC9A6-C3C4-4CDD-9E2B-640000EB66D4}.Debug|Any CPU.Build.0 = Debug|Any CPU
		{651DC9A6-C3C4-4CDD-9E2B-640000EB66D4}.Debug|x64.ActiveCfg = Debug|Any CPU
		{651DC9A6-C3C4-4CDD-9E2B-640000EB66D4}.Debug|x64.Build.0 = Debug|Any CPU
		{651DC9A6-C3C4-4CDD-9E2B-640000EB66D4}.Debug|x86.ActiveCfg = Debug|Any CPU
		{651DC9A6-C3C4-4CDD-9E2B-640000EB66D4}.Debug|x86.Build.0 = Debug|Any CPU
		{651DC9A6-C3C4-4CDD-9E2B-640000EB66D4}.Release|Any CPU.ActiveCfg = Release|Any CPU
		{651DC9A6-C3C4-4CDD-9E2B-640000EB66D4}.Release|Any CPU.Build.0 = Release|Any CPU
		{651DC9A6-C3C4-4CDD-9E2B-640000EB66D4}.Release|x64.ActiveCfg = Release|Any CPU
		{651DC9A6-C3C4-4CDD-9E2B-640000EB66D4}.Release|x64.Build.0 = Release|Any CPU
		{651DC9A6-C3C4-4CDD-9E2B-640000EB66D4}.Release|x86.ActiveCfg = Release|Any CPU
		{651DC9A6-C3C4-4CDD-9E2B-640000EB66D4}.Release|x86.Build.0 = Release|Any CPU
		{5FB5378F-B040-42A4-89AD-D191297F838F}.Debug|Any CPU.ActiveCfg = Debug|Any CPU
		{5FB5378F-B040-42A4-89AD-D191297F838F}.Debug|Any CPU.Build.0 = Debug|Any CPU
		{5FB5378F-B040-42A4-89AD-D191297F838F}.Debug|x64.ActiveCfg = Debug|Any CPU
		{5FB5378F-B040-42A4-89AD-D191297F838F}.Debug|x64.Build.0 = Debug|Any CPU
		{5FB5378F-B040-42A4-89AD-D191297F838F}.Debug|x86.ActiveCfg = Debug|Any CPU
		{5FB5378F-B040-42A4-89AD-D191297F838F}.Debug|x86.Build.0 = Debug|Any CPU
		{5FB5378F-B040-42A4-89AD-D191297F838F}.Release|Any CPU.ActiveCfg = Release|Any CPU
		{5FB5378F-B040-42A4-89AD-D191297F838F}.Release|Any CPU.Build.0 = Release|Any CPU
		{5FB5378F-B040-42A4-89AD-D191297F838F}.Release|x64.ActiveCfg = Release|Any CPU
		{5FB5378F-B040-42A4-89AD-D191297F838F}.Release|x64.Build.0 = Release|Any CPU
		{5FB5378F-B040-42A4-89AD-D191297F838F}.Release|x86.ActiveCfg = Release|Any CPU
		{5FB5378F-B040-42A4-89AD-D191297F838F}.Release|x86.Build.0 = Release|Any CPU
		{F5A61531-E8E7-4135-A6AC-0FE62A07A19F}.Debug|Any CPU.ActiveCfg = Debug|Any CPU
		{F5A61531-E8E7-4135-A6AC-0FE62A07A19F}.Debug|Any CPU.Build.0 = Debug|Any CPU
		{F5A61531-E8E7-4135-A6AC-0FE62A07A19F}.Debug|x64.ActiveCfg = Debug|Any CPU
		{F5A61531-E8E7-4135-A6AC-0FE62A07A19F}.Debug|x64.Build.0 = Debug|Any CPU
		{F5A61531-E8E7-4135-A6AC-0FE62A07A19F}.Debug|x86.ActiveCfg = Debug|Any CPU
		{F5A61531-E8E7-4135-A6AC-0FE62A07A19F}.Debug|x86.Build.0 = Debug|Any CPU
		{F5A61531-E8E7-4135-A6AC-0FE62A07A19F}.Release|Any CPU.ActiveCfg = Release|Any CPU
		{F5A61531-E8E7-4135-A6AC-0FE62A07A19F}.Release|Any CPU.Build.0 = Release|Any CPU
		{F5A61531-E8E7-4135-A6AC-0FE62A07A19F}.Release|x64.ActiveCfg = Release|Any CPU
		{F5A61531-E8E7-4135-A6AC-0FE62A07A19F}.Release|x64.Build.0 = Release|Any CPU
		{F5A61531-E8E7-4135-A6AC-0FE62A07A19F}.Release|x86.ActiveCfg = Release|Any CPU
		{F5A61531-E8E7-4135-A6AC-0FE62A07A19F}.Release|x86.Build.0 = Release|Any CPU
		{0D0FB5EB-34B8-4D3C-AAE2-5B438EE53ABC}.Debug|Any CPU.ActiveCfg = Debug|Any CPU
		{0D0FB5EB-34B8-4D3C-AAE2-5B438EE53ABC}.Debug|Any CPU.Build.0 = Debug|Any CPU
		{0D0FB5EB-34B8-4D3C-AAE2-5B438EE53ABC}.Debug|x64.ActiveCfg = Debug|Any CPU
		{0D0FB5EB-34B8-4D3C-AAE2-5B438EE53ABC}.Debug|x64.Build.0 = Debug|Any CPU
		{0D0FB5EB-34B8-4D3C-AAE2-5B438EE53ABC}.Debug|x86.ActiveCfg = Debug|Any CPU
		{0D0FB5EB-34B8-4D3C-AAE2-5B438EE53ABC}.Debug|x86.Build.0 = Debug|Any CPU
		{0D0FB5EB-34B8-4D3C-AAE2-5B438EE53ABC}.Release|Any CPU.ActiveCfg = Release|Any CPU
		{0D0FB5EB-34B8-4D3C-AAE2-5B438EE53ABC}.Release|Any CPU.Build.0 = Release|Any CPU
		{0D0FB5EB-34B8-4D3C-AAE2-5B438EE53ABC}.Release|x64.ActiveCfg = Release|Any CPU
		{0D0FB5EB-34B8-4D3C-AAE2-5B438EE53ABC}.Release|x64.Build.0 = Release|Any CPU
		{0D0FB5EB-34B8-4D3C-AAE2-5B438EE53ABC}.Release|x86.ActiveCfg = Release|Any CPU
		{0D0FB5EB-34B8-4D3C-AAE2-5B438EE53ABC}.Release|x86.Build.0 = Release|Any CPU
		{ADFDDFB5-6752-44D2-93DF-7EAA6DF9DA9E}.Debug|Any CPU.ActiveCfg = Debug|Any CPU
		{ADFDDFB5-6752-44D2-93DF-7EAA6DF9DA9E}.Debug|Any CPU.Build.0 = Debug|Any CPU
		{ADFDDFB5-6752-44D2-93DF-7EAA6DF9DA9E}.Debug|x64.ActiveCfg = Debug|Any CPU
		{ADFDDFB5-6752-44D2-93DF-7EAA6DF9DA9E}.Debug|x64.Build.0 = Debug|Any CPU
		{ADFDDFB5-6752-44D2-93DF-7EAA6DF9DA9E}.Debug|x86.ActiveCfg = Debug|Any CPU
		{ADFDDFB5-6752-44D2-93DF-7EAA6DF9DA9E}.Debug|x86.Build.0 = Debug|Any CPU
		{ADFDDFB5-6752-44D2-93DF-7EAA6DF9DA9E}.Release|Any CPU.ActiveCfg = Release|Any CPU
		{ADFDDFB5-6752-44D2-93DF-7EAA6DF9DA9E}.Release|Any CPU.Build.0 = Release|Any CPU
		{ADFDDFB5-6752-44D2-93DF-7EAA6DF9DA9E}.Release|x64.ActiveCfg = Release|Any CPU
		{ADFDDFB5-6752-44D2-93DF-7EAA6DF9DA9E}.Release|x64.Build.0 = Release|Any CPU
		{ADFDDFB5-6752-44D2-93DF-7EAA6DF9DA9E}.Release|x86.ActiveCfg = Release|Any CPU
		{ADFDDFB5-6752-44D2-93DF-7EAA6DF9DA9E}.Release|x86.Build.0 = Release|Any CPU
		{FA54DCB6-BD8C-48D9-A10D-87C086241E5B}.Debug|Any CPU.ActiveCfg = Debug|Any CPU
		{FA54DCB6-BD8C-48D9-A10D-87C086241E5B}.Debug|Any CPU.Build.0 = Debug|Any CPU
		{FA54DCB6-BD8C-48D9-A10D-87C086241E5B}.Debug|x64.ActiveCfg = Debug|Any CPU
		{FA54DCB6-BD8C-48D9-A10D-87C086241E5B}.Debug|x64.Build.0 = Debug|Any CPU
		{FA54DCB6-BD8C-48D9-A10D-87C086241E5B}.Debug|x86.ActiveCfg = Debug|Any CPU
		{FA54DCB6-BD8C-48D9-A10D-87C086241E5B}.Debug|x86.Build.0 = Debug|Any CPU
		{FA54DCB6-BD8C-48D9-A10D-87C086241E5B}.Release|Any CPU.ActiveCfg = Release|Any CPU
		{FA54DCB6-BD8C-48D9-A10D-87C086241E5B}.Release|Any CPU.Build.0 = Release|Any CPU
		{FA54DCB6-BD8C-48D9-A10D-87C086241E5B}.Release|x64.ActiveCfg = Release|Any CPU
		{FA54DCB6-BD8C-48D9-A10D-87C086241E5B}.Release|x64.Build.0 = Release|Any CPU
		{FA54DCB6-BD8C-48D9-A10D-87C086241E5B}.Release|x86.ActiveCfg = Release|Any CPU
		{FA54DCB6-BD8C-48D9-A10D-87C086241E5B}.Release|x86.Build.0 = Release|Any CPU
		{E6C76150-F55E-425E-A43D-D804000E12C6}.Debug|Any CPU.ActiveCfg = Debug|Any CPU
		{E6C76150-F55E-425E-A43D-D804000E12C6}.Debug|Any CPU.Build.0 = Debug|Any CPU
		{E6C76150-F55E-425E-A43D-D804000E12C6}.Debug|x64.ActiveCfg = Debug|Any CPU
		{E6C76150-F55E-425E-A43D-D804000E12C6}.Debug|x64.Build.0 = Debug|Any CPU
		{E6C76150-F55E-425E-A43D-D804000E12C6}.Debug|x86.ActiveCfg = Debug|Any CPU
		{E6C76150-F55E-425E-A43D-D804000E12C6}.Debug|x86.Build.0 = Debug|Any CPU
		{E6C76150-F55E-425E-A43D-D804000E12C6}.Release|Any CPU.ActiveCfg = Release|Any CPU
		{E6C76150-F55E-425E-A43D-D804000E12C6}.Release|Any CPU.Build.0 = Release|Any CPU
		{E6C76150-F55E-425E-A43D-D804000E12C6}.Release|x64.ActiveCfg = Release|Any CPU
		{E6C76150-F55E-425E-A43D-D804000E12C6}.Release|x64.Build.0 = Release|Any CPU
		{E6C76150-F55E-425E-A43D-D804000E12C6}.Release|x86.ActiveCfg = Release|Any CPU
		{E6C76150-F55E-425E-A43D-D804000E12C6}.Release|x86.Build.0 = Release|Any CPU
		{AF9EB00C-E991-49BE-8149-5E10CBD69AAE}.Debug|Any CPU.ActiveCfg = Debug|Any CPU
		{AF9EB00C-E991-49BE-8149-5E10CBD69AAE}.Debug|Any CPU.Build.0 = Debug|Any CPU
		{AF9EB00C-E991-49BE-8149-5E10CBD69AAE}.Debug|x64.ActiveCfg = Debug|Any CPU
		{AF9EB00C-E991-49BE-8149-5E10CBD69AAE}.Debug|x64.Build.0 = Debug|Any CPU
		{AF9EB00C-E991-49BE-8149-5E10CBD69AAE}.Debug|x86.ActiveCfg = Debug|Any CPU
		{AF9EB00C-E991-49BE-8149-5E10CBD69AAE}.Debug|x86.Build.0 = Debug|Any CPU
		{AF9EB00C-E991-49BE-8149-5E10CBD69AAE}.Release|Any CPU.ActiveCfg = Release|Any CPU
		{AF9EB00C-E991-49BE-8149-5E10CBD69AAE}.Release|Any CPU.Build.0 = Release|Any CPU
		{AF9EB00C-E991-49BE-8149-5E10CBD69AAE}.Release|x64.ActiveCfg = Release|Any CPU
		{AF9EB00C-E991-49BE-8149-5E10CBD69AAE}.Release|x64.Build.0 = Release|Any CPU
		{AF9EB00C-E991-49BE-8149-5E10CBD69AAE}.Release|x86.ActiveCfg = Release|Any CPU
		{AF9EB00C-E991-49BE-8149-5E10CBD69AAE}.Release|x86.Build.0 = Release|Any CPU
		{9D30BB34-2DC6-4EDE-803C-BE720F1A7131}.Debug|Any CPU.ActiveCfg = Debug|Any CPU
		{9D30BB34-2DC6-4EDE-803C-BE720F1A7131}.Debug|Any CPU.Build.0 = Debug|Any CPU
		{9D30BB34-2DC6-4EDE-803C-BE720F1A7131}.Debug|x64.ActiveCfg = Debug|Any CPU
		{9D30BB34-2DC6-4EDE-803C-BE720F1A7131}.Debug|x64.Build.0 = Debug|Any CPU
		{9D30BB34-2DC6-4EDE-803C-BE720F1A7131}.Debug|x86.ActiveCfg = Debug|Any CPU
		{9D30BB34-2DC6-4EDE-803C-BE720F1A7131}.Debug|x86.Build.0 = Debug|Any CPU
		{9D30BB34-2DC6-4EDE-803C-BE720F1A7131}.Release|Any CPU.ActiveCfg = Release|Any CPU
		{9D30BB34-2DC6-4EDE-803C-BE720F1A7131}.Release|Any CPU.Build.0 = Release|Any CPU
		{9D30BB34-2DC6-4EDE-803C-BE720F1A7131}.Release|x64.ActiveCfg = Release|Any CPU
		{9D30BB34-2DC6-4EDE-803C-BE720F1A7131}.Release|x64.Build.0 = Release|Any CPU
		{9D30BB34-2DC6-4EDE-803C-BE720F1A7131}.Release|x86.ActiveCfg = Release|Any CPU
		{9D30BB34-2DC6-4EDE-803C-BE720F1A7131}.Release|x86.Build.0 = Release|Any CPU
		{BBABFADB-9BC8-47D8-95B5-78825314B37A}.Debug|Any CPU.ActiveCfg = Debug|Any CPU
		{BBABFADB-9BC8-47D8-95B5-78825314B37A}.Debug|Any CPU.Build.0 = Debug|Any CPU
		{BBABFADB-9BC8-47D8-95B5-78825314B37A}.Debug|x64.ActiveCfg = Debug|Any CPU
		{BBABFADB-9BC8-47D8-95B5-78825314B37A}.Debug|x64.Build.0 = Debug|Any CPU
		{BBABFADB-9BC8-47D8-95B5-78825314B37A}.Debug|x86.ActiveCfg = Debug|Any CPU
		{BBABFADB-9BC8-47D8-95B5-78825314B37A}.Debug|x86.Build.0 = Debug|Any CPU
		{BBABFADB-9BC8-47D8-95B5-78825314B37A}.Release|Any CPU.ActiveCfg = Release|Any CPU
		{BBABFADB-9BC8-47D8-95B5-78825314B37A}.Release|Any CPU.Build.0 = Release|Any CPU
		{BBABFADB-9BC8-47D8-95B5-78825314B37A}.Release|x64.ActiveCfg = Release|Any CPU
		{BBABFADB-9BC8-47D8-95B5-78825314B37A}.Release|x64.Build.0 = Release|Any CPU
		{BBABFADB-9BC8-47D8-95B5-78825314B37A}.Release|x86.ActiveCfg = Release|Any CPU
		{BBABFADB-9BC8-47D8-95B5-78825314B37A}.Release|x86.Build.0 = Release|Any CPU
		{11D6B864-311E-494B-AAF4-0D9E1F66B089}.Debug|Any CPU.ActiveCfg = Debug|Any CPU
		{11D6B864-311E-494B-AAF4-0D9E1F66B089}.Debug|Any CPU.Build.0 = Debug|Any CPU
		{11D6B864-311E-494B-AAF4-0D9E1F66B089}.Debug|x64.ActiveCfg = Debug|Any CPU
		{11D6B864-311E-494B-AAF4-0D9E1F66B089}.Debug|x64.Build.0 = Debug|Any CPU
		{11D6B864-311E-494B-AAF4-0D9E1F66B089}.Debug|x86.ActiveCfg = Debug|Any CPU
		{11D6B864-311E-494B-AAF4-0D9E1F66B089}.Debug|x86.Build.0 = Debug|Any CPU
		{11D6B864-311E-494B-AAF4-0D9E1F66B089}.Release|Any CPU.ActiveCfg = Release|Any CPU
		{11D6B864-311E-494B-AAF4-0D9E1F66B089}.Release|Any CPU.Build.0 = Release|Any CPU
		{11D6B864-311E-494B-AAF4-0D9E1F66B089}.Release|x64.ActiveCfg = Release|Any CPU
		{11D6B864-311E-494B-AAF4-0D9E1F66B089}.Release|x64.Build.0 = Release|Any CPU
		{11D6B864-311E-494B-AAF4-0D9E1F66B089}.Release|x86.ActiveCfg = Release|Any CPU
		{11D6B864-311E-494B-AAF4-0D9E1F66B089}.Release|x86.Build.0 = Release|Any CPU
		{401392EC-BFF7-4BBF-9AEA-49C6F5664D2A}.Debug|Any CPU.ActiveCfg = Debug|Any CPU
		{401392EC-BFF7-4BBF-9AEA-49C6F5664D2A}.Debug|Any CPU.Build.0 = Debug|Any CPU
		{401392EC-BFF7-4BBF-9AEA-49C6F5664D2A}.Debug|x64.ActiveCfg = Debug|Any CPU
		{401392EC-BFF7-4BBF-9AEA-49C6F5664D2A}.Debug|x64.Build.0 = Debug|Any CPU
		{401392EC-BFF7-4BBF-9AEA-49C6F5664D2A}.Debug|x86.ActiveCfg = Debug|Any CPU
		{401392EC-BFF7-4BBF-9AEA-49C6F5664D2A}.Debug|x86.Build.0 = Debug|Any CPU
		{401392EC-BFF7-4BBF-9AEA-49C6F5664D2A}.Release|Any CPU.ActiveCfg = Release|Any CPU
		{401392EC-BFF7-4BBF-9AEA-49C6F5664D2A}.Release|Any CPU.Build.0 = Release|Any CPU
		{401392EC-BFF7-4BBF-9AEA-49C6F5664D2A}.Release|x64.ActiveCfg = Release|Any CPU
		{401392EC-BFF7-4BBF-9AEA-49C6F5664D2A}.Release|x64.Build.0 = Release|Any CPU
		{401392EC-BFF7-4BBF-9AEA-49C6F5664D2A}.Release|x86.ActiveCfg = Release|Any CPU
		{401392EC-BFF7-4BBF-9AEA-49C6F5664D2A}.Release|x86.Build.0 = Release|Any CPU
		{7C776097-A1F0-486F-B84F-56670EFF0857}.Debug|Any CPU.ActiveCfg = Debug|Any CPU
		{7C776097-A1F0-486F-B84F-56670EFF0857}.Debug|Any CPU.Build.0 = Debug|Any CPU
		{7C776097-A1F0-486F-B84F-56670EFF0857}.Debug|x64.ActiveCfg = Debug|Any CPU
		{7C776097-A1F0-486F-B84F-56670EFF0857}.Debug|x64.Build.0 = Debug|Any CPU
		{7C776097-A1F0-486F-B84F-56670EFF0857}.Debug|x86.ActiveCfg = Debug|Any CPU
		{7C776097-A1F0-486F-B84F-56670EFF0857}.Debug|x86.Build.0 = Debug|Any CPU
		{7C776097-A1F0-486F-B84F-56670EFF0857}.Release|Any CPU.ActiveCfg = Release|Any CPU
		{7C776097-A1F0-486F-B84F-56670EFF0857}.Release|Any CPU.Build.0 = Release|Any CPU
		{7C776097-A1F0-486F-B84F-56670EFF0857}.Release|x64.ActiveCfg = Release|Any CPU
		{7C776097-A1F0-486F-B84F-56670EFF0857}.Release|x64.Build.0 = Release|Any CPU
		{7C776097-A1F0-486F-B84F-56670EFF0857}.Release|x86.ActiveCfg = Release|Any CPU
		{7C776097-A1F0-486F-B84F-56670EFF0857}.Release|x86.Build.0 = Release|Any CPU
		{D7E5600C-1F23-4BAE-B4B5-80BD67DB7E7F}.Debug|Any CPU.ActiveCfg = Debug|Any CPU
		{D7E5600C-1F23-4BAE-B4B5-80BD67DB7E7F}.Debug|Any CPU.Build.0 = Debug|Any CPU
		{D7E5600C-1F23-4BAE-B4B5-80BD67DB7E7F}.Debug|x64.ActiveCfg = Debug|Any CPU
		{D7E5600C-1F23-4BAE-B4B5-80BD67DB7E7F}.Debug|x64.Build.0 = Debug|Any CPU
		{D7E5600C-1F23-4BAE-B4B5-80BD67DB7E7F}.Debug|x86.ActiveCfg = Debug|Any CPU
		{D7E5600C-1F23-4BAE-B4B5-80BD67DB7E7F}.Debug|x86.Build.0 = Debug|Any CPU
		{D7E5600C-1F23-4BAE-B4B5-80BD67DB7E7F}.Release|Any CPU.ActiveCfg = Release|Any CPU
		{D7E5600C-1F23-4BAE-B4B5-80BD67DB7E7F}.Release|Any CPU.Build.0 = Release|Any CPU
		{D7E5600C-1F23-4BAE-B4B5-80BD67DB7E7F}.Release|x64.ActiveCfg = Release|Any CPU
		{D7E5600C-1F23-4BAE-B4B5-80BD67DB7E7F}.Release|x64.Build.0 = Release|Any CPU
		{D7E5600C-1F23-4BAE-B4B5-80BD67DB7E7F}.Release|x86.ActiveCfg = Release|Any CPU
		{D7E5600C-1F23-4BAE-B4B5-80BD67DB7E7F}.Release|x86.Build.0 = Release|Any CPU
		{E0724E02-9FC1-4188-BF7C-EB99B891FB46}.Debug|Any CPU.ActiveCfg = Debug|Any CPU
		{E0724E02-9FC1-4188-BF7C-EB99B891FB46}.Debug|Any CPU.Build.0 = Debug|Any CPU
		{E0724E02-9FC1-4188-BF7C-EB99B891FB46}.Debug|x64.ActiveCfg = Debug|Any CPU
		{E0724E02-9FC1-4188-BF7C-EB99B891FB46}.Debug|x64.Build.0 = Debug|Any CPU
		{E0724E02-9FC1-4188-BF7C-EB99B891FB46}.Debug|x86.ActiveCfg = Debug|Any CPU
		{E0724E02-9FC1-4188-BF7C-EB99B891FB46}.Debug|x86.Build.0 = Debug|Any CPU
		{E0724E02-9FC1-4188-BF7C-EB99B891FB46}.Release|Any CPU.ActiveCfg = Release|Any CPU
		{E0724E02-9FC1-4188-BF7C-EB99B891FB46}.Release|Any CPU.Build.0 = Release|Any CPU
		{E0724E02-9FC1-4188-BF7C-EB99B891FB46}.Release|x64.ActiveCfg = Release|Any CPU
		{E0724E02-9FC1-4188-BF7C-EB99B891FB46}.Release|x64.Build.0 = Release|Any CPU
		{E0724E02-9FC1-4188-BF7C-EB99B891FB46}.Release|x86.ActiveCfg = Release|Any CPU
		{E0724E02-9FC1-4188-BF7C-EB99B891FB46}.Release|x86.Build.0 = Release|Any CPU
		{3A4FB610-DB5D-4356-BE65-75503AAD9A84}.Debug|Any CPU.ActiveCfg = Debug|Any CPU
		{3A4FB610-DB5D-4356-BE65-75503AAD9A84}.Debug|Any CPU.Build.0 = Debug|Any CPU
		{3A4FB610-DB5D-4356-BE65-75503AAD9A84}.Debug|x64.ActiveCfg = Debug|Any CPU
		{3A4FB610-DB5D-4356-BE65-75503AAD9A84}.Debug|x64.Build.0 = Debug|Any CPU
		{3A4FB610-DB5D-4356-BE65-75503AAD9A84}.Debug|x86.ActiveCfg = Debug|Any CPU
		{3A4FB610-DB5D-4356-BE65-75503AAD9A84}.Debug|x86.Build.0 = Debug|Any CPU
		{3A4FB610-DB5D-4356-BE65-75503AAD9A84}.Release|Any CPU.ActiveCfg = Release|Any CPU
		{3A4FB610-DB5D-4356-BE65-75503AAD9A84}.Release|Any CPU.Build.0 = Release|Any CPU
		{3A4FB610-DB5D-4356-BE65-75503AAD9A84}.Release|x64.ActiveCfg = Release|Any CPU
		{3A4FB610-DB5D-4356-BE65-75503AAD9A84}.Release|x64.Build.0 = Release|Any CPU
		{3A4FB610-DB5D-4356-BE65-75503AAD9A84}.Release|x86.ActiveCfg = Release|Any CPU
		{3A4FB610-DB5D-4356-BE65-75503AAD9A84}.Release|x86.Build.0 = Release|Any CPU
		{F161A98D-022F-45F8-95EB-E45E99856617}.Debug|Any CPU.ActiveCfg = Debug|Any CPU
		{F161A98D-022F-45F8-95EB-E45E99856617}.Debug|Any CPU.Build.0 = Debug|Any CPU
		{F161A98D-022F-45F8-95EB-E45E99856617}.Debug|x64.ActiveCfg = Debug|Any CPU
		{F161A98D-022F-45F8-95EB-E45E99856617}.Debug|x64.Build.0 = Debug|Any CPU
		{F161A98D-022F-45F8-95EB-E45E99856617}.Debug|x86.ActiveCfg = Debug|Any CPU
		{F161A98D-022F-45F8-95EB-E45E99856617}.Debug|x86.Build.0 = Debug|Any CPU
		{F161A98D-022F-45F8-95EB-E45E99856617}.Release|Any CPU.ActiveCfg = Release|Any CPU
		{F161A98D-022F-45F8-95EB-E45E99856617}.Release|Any CPU.Build.0 = Release|Any CPU
		{F161A98D-022F-45F8-95EB-E45E99856617}.Release|x64.ActiveCfg = Release|Any CPU
		{F161A98D-022F-45F8-95EB-E45E99856617}.Release|x64.Build.0 = Release|Any CPU
		{F161A98D-022F-45F8-95EB-E45E99856617}.Release|x86.ActiveCfg = Release|Any CPU
		{F161A98D-022F-45F8-95EB-E45E99856617}.Release|x86.Build.0 = Release|Any CPU
		{F6B28E78-27B7-4ECC-A74A-F41B5F85DEA5}.Debug|Any CPU.ActiveCfg = Debug|Any CPU
		{F6B28E78-27B7-4ECC-A74A-F41B5F85DEA5}.Debug|Any CPU.Build.0 = Debug|Any CPU
		{F6B28E78-27B7-4ECC-A74A-F41B5F85DEA5}.Debug|x64.ActiveCfg = Debug|Any CPU
		{F6B28E78-27B7-4ECC-A74A-F41B5F85DEA5}.Debug|x64.Build.0 = Debug|Any CPU
		{F6B28E78-27B7-4ECC-A74A-F41B5F85DEA5}.Debug|x86.ActiveCfg = Debug|Any CPU
		{F6B28E78-27B7-4ECC-A74A-F41B5F85DEA5}.Debug|x86.Build.0 = Debug|Any CPU
		{F6B28E78-27B7-4ECC-A74A-F41B5F85DEA5}.Release|Any CPU.ActiveCfg = Release|Any CPU
		{F6B28E78-27B7-4ECC-A74A-F41B5F85DEA5}.Release|Any CPU.Build.0 = Release|Any CPU
		{F6B28E78-27B7-4ECC-A74A-F41B5F85DEA5}.Release|x64.ActiveCfg = Release|Any CPU
		{F6B28E78-27B7-4ECC-A74A-F41B5F85DEA5}.Release|x64.Build.0 = Release|Any CPU
		{F6B28E78-27B7-4ECC-A74A-F41B5F85DEA5}.Release|x86.ActiveCfg = Release|Any CPU
		{F6B28E78-27B7-4ECC-A74A-F41B5F85DEA5}.Release|x86.Build.0 = Release|Any CPU
		{F3328025-1211-4A0B-87E7-B13EB6AA88E0}.Debug|Any CPU.ActiveCfg = Debug|Any CPU
		{F3328025-1211-4A0B-87E7-B13EB6AA88E0}.Debug|Any CPU.Build.0 = Debug|Any CPU
		{F3328025-1211-4A0B-87E7-B13EB6AA88E0}.Debug|x64.ActiveCfg = Debug|Any CPU
		{F3328025-1211-4A0B-87E7-B13EB6AA88E0}.Debug|x64.Build.0 = Debug|Any CPU
		{F3328025-1211-4A0B-87E7-B13EB6AA88E0}.Debug|x86.ActiveCfg = Debug|Any CPU
		{F3328025-1211-4A0B-87E7-B13EB6AA88E0}.Debug|x86.Build.0 = Debug|Any CPU
		{F3328025-1211-4A0B-87E7-B13EB6AA88E0}.Release|Any CPU.ActiveCfg = Release|Any CPU
		{F3328025-1211-4A0B-87E7-B13EB6AA88E0}.Release|Any CPU.Build.0 = Release|Any CPU
		{F3328025-1211-4A0B-87E7-B13EB6AA88E0}.Release|x64.ActiveCfg = Release|Any CPU
		{F3328025-1211-4A0B-87E7-B13EB6AA88E0}.Release|x64.Build.0 = Release|Any CPU
		{F3328025-1211-4A0B-87E7-B13EB6AA88E0}.Release|x86.ActiveCfg = Release|Any CPU
		{F3328025-1211-4A0B-87E7-B13EB6AA88E0}.Release|x86.Build.0 = Release|Any CPU
		{8FE99848-4E1B-4DDC-8923-F82F90A322E4}.Debug|Any CPU.ActiveCfg = Debug|Any CPU
		{8FE99848-4E1B-4DDC-8923-F82F90A322E4}.Debug|Any CPU.Build.0 = Debug|Any CPU
		{8FE99848-4E1B-4DDC-8923-F82F90A322E4}.Debug|x64.ActiveCfg = Debug|Any CPU
		{8FE99848-4E1B-4DDC-8923-F82F90A322E4}.Debug|x64.Build.0 = Debug|Any CPU
		{8FE99848-4E1B-4DDC-8923-F82F90A322E4}.Debug|x86.ActiveCfg = Debug|Any CPU
		{8FE99848-4E1B-4DDC-8923-F82F90A322E4}.Debug|x86.Build.0 = Debug|Any CPU
		{8FE99848-4E1B-4DDC-8923-F82F90A322E4}.Release|Any CPU.ActiveCfg = Release|Any CPU
		{8FE99848-4E1B-4DDC-8923-F82F90A322E4}.Release|Any CPU.Build.0 = Release|Any CPU
		{8FE99848-4E1B-4DDC-8923-F82F90A322E4}.Release|x64.ActiveCfg = Release|Any CPU
		{8FE99848-4E1B-4DDC-8923-F82F90A322E4}.Release|x64.Build.0 = Release|Any CPU
		{8FE99848-4E1B-4DDC-8923-F82F90A322E4}.Release|x86.ActiveCfg = Release|Any CPU
		{8FE99848-4E1B-4DDC-8923-F82F90A322E4}.Release|x86.Build.0 = Release|Any CPU
		{7138960A-0D8C-44B1-AC45-79FBE8FC0DE4}.Debug|Any CPU.ActiveCfg = Debug|Any CPU
		{7138960A-0D8C-44B1-AC45-79FBE8FC0DE4}.Debug|Any CPU.Build.0 = Debug|Any CPU
		{7138960A-0D8C-44B1-AC45-79FBE8FC0DE4}.Debug|x64.ActiveCfg = Debug|Any CPU
		{7138960A-0D8C-44B1-AC45-79FBE8FC0DE4}.Debug|x64.Build.0 = Debug|Any CPU
		{7138960A-0D8C-44B1-AC45-79FBE8FC0DE4}.Debug|x86.ActiveCfg = Debug|Any CPU
		{7138960A-0D8C-44B1-AC45-79FBE8FC0DE4}.Debug|x86.Build.0 = Debug|Any CPU
		{7138960A-0D8C-44B1-AC45-79FBE8FC0DE4}.Release|Any CPU.ActiveCfg = Release|Any CPU
		{7138960A-0D8C-44B1-AC45-79FBE8FC0DE4}.Release|Any CPU.Build.0 = Release|Any CPU
		{7138960A-0D8C-44B1-AC45-79FBE8FC0DE4}.Release|x64.ActiveCfg = Release|Any CPU
		{7138960A-0D8C-44B1-AC45-79FBE8FC0DE4}.Release|x64.Build.0 = Release|Any CPU
		{7138960A-0D8C-44B1-AC45-79FBE8FC0DE4}.Release|x86.ActiveCfg = Release|Any CPU
		{7138960A-0D8C-44B1-AC45-79FBE8FC0DE4}.Release|x86.Build.0 = Release|Any CPU
		{2640A511-275D-49D8-A89B-8D99C3908D55}.Debug|Any CPU.ActiveCfg = Debug|Any CPU
		{2640A511-275D-49D8-A89B-8D99C3908D55}.Debug|Any CPU.Build.0 = Debug|Any CPU
		{2640A511-275D-49D8-A89B-8D99C3908D55}.Debug|x64.ActiveCfg = Debug|Any CPU
		{2640A511-275D-49D8-A89B-8D99C3908D55}.Debug|x64.Build.0 = Debug|Any CPU
		{2640A511-275D-49D8-A89B-8D99C3908D55}.Debug|x86.ActiveCfg = Debug|Any CPU
		{2640A511-275D-49D8-A89B-8D99C3908D55}.Debug|x86.Build.0 = Debug|Any CPU
		{2640A511-275D-49D8-A89B-8D99C3908D55}.Release|Any CPU.ActiveCfg = Release|Any CPU
		{2640A511-275D-49D8-A89B-8D99C3908D55}.Release|Any CPU.Build.0 = Release|Any CPU
		{2640A511-275D-49D8-A89B-8D99C3908D55}.Release|x64.ActiveCfg = Release|Any CPU
		{2640A511-275D-49D8-A89B-8D99C3908D55}.Release|x64.Build.0 = Release|Any CPU
		{2640A511-275D-49D8-A89B-8D99C3908D55}.Release|x86.ActiveCfg = Release|Any CPU
		{2640A511-275D-49D8-A89B-8D99C3908D55}.Release|x86.Build.0 = Release|Any CPU
		{E40CF767-40F6-4EA7-98A1-E79C2EE84AA6}.Debug|Any CPU.ActiveCfg = Debug|Any CPU
		{E40CF767-40F6-4EA7-98A1-E79C2EE84AA6}.Debug|Any CPU.Build.0 = Debug|Any CPU
		{E40CF767-40F6-4EA7-98A1-E79C2EE84AA6}.Debug|x64.ActiveCfg = Debug|Any CPU
		{E40CF767-40F6-4EA7-98A1-E79C2EE84AA6}.Debug|x64.Build.0 = Debug|Any CPU
		{E40CF767-40F6-4EA7-98A1-E79C2EE84AA6}.Debug|x86.ActiveCfg = Debug|Any CPU
		{E40CF767-40F6-4EA7-98A1-E79C2EE84AA6}.Debug|x86.Build.0 = Debug|Any CPU
		{E40CF767-40F6-4EA7-98A1-E79C2EE84AA6}.Release|Any CPU.ActiveCfg = Release|Any CPU
		{E40CF767-40F6-4EA7-98A1-E79C2EE84AA6}.Release|Any CPU.Build.0 = Release|Any CPU
		{E40CF767-40F6-4EA7-98A1-E79C2EE84AA6}.Release|x64.ActiveCfg = Release|Any CPU
		{E40CF767-40F6-4EA7-98A1-E79C2EE84AA6}.Release|x64.Build.0 = Release|Any CPU
		{E40CF767-40F6-4EA7-98A1-E79C2EE84AA6}.Release|x86.ActiveCfg = Release|Any CPU
		{E40CF767-40F6-4EA7-98A1-E79C2EE84AA6}.Release|x86.Build.0 = Release|Any CPU
		{C8318796-0B24-40AE-AD89-AFA244D93D73}.Debug|Any CPU.ActiveCfg = Debug|Any CPU
		{C8318796-0B24-40AE-AD89-AFA244D93D73}.Debug|Any CPU.Build.0 = Debug|Any CPU
		{C8318796-0B24-40AE-AD89-AFA244D93D73}.Debug|x64.ActiveCfg = Debug|Any CPU
		{C8318796-0B24-40AE-AD89-AFA244D93D73}.Debug|x64.Build.0 = Debug|Any CPU
		{C8318796-0B24-40AE-AD89-AFA244D93D73}.Debug|x86.ActiveCfg = Debug|Any CPU
		{C8318796-0B24-40AE-AD89-AFA244D93D73}.Debug|x86.Build.0 = Debug|Any CPU
		{C8318796-0B24-40AE-AD89-AFA244D93D73}.Release|Any CPU.ActiveCfg = Release|Any CPU
		{C8318796-0B24-40AE-AD89-AFA244D93D73}.Release|Any CPU.Build.0 = Release|Any CPU
		{C8318796-0B24-40AE-AD89-AFA244D93D73}.Release|x64.ActiveCfg = Release|Any CPU
		{C8318796-0B24-40AE-AD89-AFA244D93D73}.Release|x64.Build.0 = Release|Any CPU
		{C8318796-0B24-40AE-AD89-AFA244D93D73}.Release|x86.ActiveCfg = Release|Any CPU
		{C8318796-0B24-40AE-AD89-AFA244D93D73}.Release|x86.Build.0 = Release|Any CPU
	EndGlobalSection
	GlobalSection(NestedProjects) = preSolution
		{9A804CA9-E42A-41E1-ABA1-96CA6A0BA8A7} = {15C9916C-45D8-43BF-83B0-BA3FE645854F}
		{FDB454D4-9F6D-414D-BAA4-839DA3A2D0C0} = {15C9916C-45D8-43BF-83B0-BA3FE645854F}
		{6FE9347F-E561-47D1-9EF2-CA846F3F52F4} = {15C9916C-45D8-43BF-83B0-BA3FE645854F}
		{9B0D5D0C-C971-4EB3-B7E3-31987A723488} = {15C9916C-45D8-43BF-83B0-BA3FE645854F}
		{9AB4F5CC-646A-44C5-8B34-67CFBB5A92C8} = {15C9916C-45D8-43BF-83B0-BA3FE645854F}
		{DF60C8FF-9AE4-4946-BF82-D4192F4B266E} = {15C9916C-45D8-43BF-83B0-BA3FE645854F}
		{651DC9A6-C3C4-4CDD-9E2B-640000EB66D4} = {15C9916C-45D8-43BF-83B0-BA3FE645854F}
		{5FB5378F-B040-42A4-89AD-D191297F838F} = {15C9916C-45D8-43BF-83B0-BA3FE645854F}
		{F5A61531-E8E7-4135-A6AC-0FE62A07A19F} = {15C9916C-45D8-43BF-83B0-BA3FE645854F}
		{0D0FB5EB-34B8-4D3C-AAE2-5B438EE53ABC} = {15C9916C-45D8-43BF-83B0-BA3FE645854F}
		{ADFDDFB5-6752-44D2-93DF-7EAA6DF9DA9E} = {15C9916C-45D8-43BF-83B0-BA3FE645854F}
		{FA54DCB6-BD8C-48D9-A10D-87C086241E5B} = {15C9916C-45D8-43BF-83B0-BA3FE645854F}
		{E6C76150-F55E-425E-A43D-D804000E12C6} = {15C9916C-45D8-43BF-83B0-BA3FE645854F}
		{AF9EB00C-E991-49BE-8149-5E10CBD69AAE} = {15C9916C-45D8-43BF-83B0-BA3FE645854F}
		{9D30BB34-2DC6-4EDE-803C-BE720F1A7131} = {15C9916C-45D8-43BF-83B0-BA3FE645854F}
		{BBABFADB-9BC8-47D8-95B5-78825314B37A} = {15C9916C-45D8-43BF-83B0-BA3FE645854F}
		{11D6B864-311E-494B-AAF4-0D9E1F66B089} = {15C9916C-45D8-43BF-83B0-BA3FE645854F}
		{401392EC-BFF7-4BBF-9AEA-49C6F5664D2A} = {53DD025A-35F0-4B60-895C-9F1A78BECF7E}
		{7C776097-A1F0-486F-B84F-56670EFF0857} = {53DD025A-35F0-4B60-895C-9F1A78BECF7E}
		{D7E5600C-1F23-4BAE-B4B5-80BD67DB7E7F} = {53DD025A-35F0-4B60-895C-9F1A78BECF7E}
		{E0724E02-9FC1-4188-BF7C-EB99B891FB46} = {53DD025A-35F0-4B60-895C-9F1A78BECF7E}
		{3A4FB610-DB5D-4356-BE65-75503AAD9A84} = {53DD025A-35F0-4B60-895C-9F1A78BECF7E}
		{F161A98D-022F-45F8-95EB-E45E99856617} = {53DD025A-35F0-4B60-895C-9F1A78BECF7E}
		{F6B28E78-27B7-4ECC-A74A-F41B5F85DEA5} = {53DD025A-35F0-4B60-895C-9F1A78BECF7E}
		{F3328025-1211-4A0B-87E7-B13EB6AA88E0} = {53DD025A-35F0-4B60-895C-9F1A78BECF7E}
		{8FE99848-4E1B-4DDC-8923-F82F90A322E4} = {53DD025A-35F0-4B60-895C-9F1A78BECF7E}
		{7138960A-0D8C-44B1-AC45-79FBE8FC0DE4} = {53DD025A-35F0-4B60-895C-9F1A78BECF7E}
		{2640A511-275D-49D8-A89B-8D99C3908D55} = {53DD025A-35F0-4B60-895C-9F1A78BECF7E}
		{E40CF767-40F6-4EA7-98A1-E79C2EE84AA6} = {53DD025A-35F0-4B60-895C-9F1A78BECF7E}
		{C8318796-0B24-40AE-AD89-AFA244D93D73} = {53DD025A-35F0-4B60-895C-9F1A78BECF7E}
	EndGlobalSection
EndGlobal
