
Microsoft Visual Studio Solution File, Format Version 12.00
# Visual Studio 15
VisualStudioVersion = 15.0.26124.0
MinimumVisualStudioVersion = 15.0.26124.0
Project("{FAE04EC0-301F-11D3-BF4B-00C04F79EFBC}") = "Test_Day_04", "Test_Day_04\Test_Day_04.csproj", "{22822248-AEA4-4B3A-A5E0-051B703509DB}"
EndProject
Project("{FAE04EC0-301F-11D3-BF4B-00C04F79EFBC}") = "Day_05", "Day_05\Day_05.csproj", "{3A73929E-ACBE-405A-AD7F-63FC9EC33A94}"
EndProject
Project("{FAE04EC0-301F-11D3-BF4B-00C04F79EFBC}") = "Day_06", "Day_06\Day_06.csproj", "{2F1C48AE-A459-4353-A19F-B20F408B8425}"
EndProject
Project("{FAE04EC0-301F-11D3-BF4B-00C04F79EFBC}") = "Shared", "Shared\Shared.csproj", "{60E59F03-2088-400A-B8D4-2B65A462F601}"
EndProject
Project("{FAE04EC0-301F-11D3-BF4B-00C04F79EFBC}") = "Test_Day_08", "Test_Day_08\Test_Day_08.csproj", "{027A597F-7B05-42D1-A44C-4CE9472E0790}"
EndProject
Project("{FAE04EC0-301F-11D3-BF4B-00C04F79EFBC}") = "Day_09", "Day_09\Day_09.csproj", "{8D3E6C95-FE02-4B97-821A-2738C045781A}"
EndProject
Project("{FAE04EC0-301F-11D3-BF4B-00C04F79EFBC}") = "Test_Day_10", "Test_Day_10\Test_Day_10.csproj", "{D24D62ED-5AC5-4929-BFF8-1EB9AC033B0D}"
EndProject
Project("{FAE04EC0-301F-11D3-BF4B-00C04F79EFBC}") = "Test_Day_11", "Test_Day_11\Test_Day_11.csproj", "{57B5606F-6CA5-415A-95CF-505848D05F76}"
EndProject
Project("{FAE04EC0-301F-11D3-BF4B-00C04F79EFBC}") = "Day_12", "Day_12\Day_12.csproj", "{434173BB-DF56-4667-88FF-24C4C8F45D05}"
EndProject
Project("{FAE04EC0-301F-11D3-BF4B-00C04F79EFBC}") = "Day_01", "Day_01\Day_01.csproj", "{4F65A7E3-0C40-4B77-BE5F-14A8F8DE2A84}"
EndProject
Project("{FAE04EC0-301F-11D3-BF4B-00C04F79EFBC}") = "Test_Day_01", "Test_Day_01\Test_Day_01.csproj", "{74A3740C-4E0A-4DE0-A08B-18D86A83EBF3}"
EndProject
Project("{FAE04EC0-301F-11D3-BF4B-00C04F79EFBC}") = "Day_02", "Day_02\Day_02.csproj", "{1742DDFC-AD57-44D4-93D2-D1C21A90467D}"
EndProject
Project("{FAE04EC0-301F-11D3-BF4B-00C04F79EFBC}") = "Test_Day_02", "Test_Day_02\Test_Day_02.csproj", "{23739FA0-1306-4E8F-B9B9-0AA16D749DC4}"
EndProject
Project("{FAE04EC0-301F-11D3-BF4B-00C04F79EFBC}") = "Day_03", "Day_03\Day_03.csproj", "{1A0F824A-BA0A-4547-B0AE-F6C3A8634516}"
EndProject
Project("{FAE04EC0-301F-11D3-BF4B-00C04F79EFBC}") = "Day_04", "Day_04\Day_04.csproj", "{6B9817AB-2C17-4BFC-A3C2-CE8A5C47A078}"
EndProject
Project("{FAE04EC0-301F-11D3-BF4B-00C04F79EFBC}") = "Test_Day_05", "Test_Day_05\Test_Day_05.csproj", "{6BF2E183-1C4E-4EC2-B32B-41FB99E8D379}"
EndProject
Project("{FAE04EC0-301F-11D3-BF4B-00C04F79EFBC}") = "Test_Shared", "Test_Shared\Test_Shared.csproj", "{4E037690-6F50-4334-A39C-CBDE6A4E8CED}"
EndProject
Project("{FAE04EC0-301F-11D3-BF4B-00C04F79EFBC}") = "Day_07", "Day_07\Day_07.csproj", "{3D5F5EC0-43A2-401E-B49C-63FEBD5BD91D}"
EndProject
Project("{FAE04EC0-301F-11D3-BF4B-00C04F79EFBC}") = "Test_Day_07", "Test_Day_07\Test_Day_07.csproj", "{B7C23E36-0C89-45FC-BAA0-3791045C56DD}"
EndProject
Project("{FAE04EC0-301F-11D3-BF4B-00C04F79EFBC}") = "Day_08", "Day_08\Day_08.csproj", "{E6E5A575-085C-41A0-9D58-4099D766AC9D}"
EndProject
Project("{FAE04EC0-301F-11D3-BF4B-00C04F79EFBC}") = "Day_10", "Day_10\Day_10.csproj", "{2117A19C-E745-4021-9307-DA338154E408}"
EndProject
Project("{FAE04EC0-301F-11D3-BF4B-00C04F79EFBC}") = "Day_11", "Day_11\Day_11.csproj", "{41548056-7092-4638-904C-EDFA2910DB8C}"
EndProject
Project("{FAE04EC0-301F-11D3-BF4B-00C04F79EFBC}") = "Test_Day_12", "Test_Day_12\Test_Day_12.csproj", "{3A059A13-E00F-48AD-A89F-7516C90B254D}"
EndProject
Project("{FAE04EC0-301F-11D3-BF4B-00C04F79EFBC}") = "Day_13", "Day_13\Day_13.csproj", "{609E9FEA-DD66-4C88-846C-24E95E2070EA}"
EndProject
Project("{FAE04EC0-301F-11D3-BF4B-00C04F79EFBC}") = "Day_14", "Day_14\Day_14.csproj", "{04A34765-2121-4BCF-8FB9-D70925B5538C}"
EndProject
Project("{FAE04EC0-301F-11D3-BF4B-00C04F79EFBC}") = "Test_Day_14", "Test_Day_14\Test_Day_14.csproj", "{D3F1685A-AFB3-4882-8FC0-34DC6D8065CA}"
EndProject
Project("{FAE04EC0-301F-11D3-BF4B-00C04F79EFBC}") = "Day_15", "Day_15\Day_15.csproj", "{E322F1D4-AB5A-49A5-91DC-5607DE8F1B86}"
EndProject
Project("{FAE04EC0-301F-11D3-BF4B-00C04F79EFBC}") = "Test_Day_15", "Test_Day_15\Test_Day_15.csproj", "{A38FD755-A312-4E89-93B9-0B5ABBF8A78B}"
EndProject
Global
	GlobalSection(SolutionConfigurationPlatforms) = preSolution
		Debug|Any CPU = Debug|Any CPU
		Debug|x64 = Debug|x64
		Debug|x86 = Debug|x86
		Release|Any CPU = Release|Any CPU
		Release|x64 = Release|x64
		Release|x86 = Release|x86
	EndGlobalSection
	GlobalSection(SolutionProperties) = preSolution
		HideSolutionNode = FALSE
	EndGlobalSection
	GlobalSection(ProjectConfigurationPlatforms) = postSolution
		{22822248-AEA4-4B3A-A5E0-051B703509DB}.Debug|Any CPU.ActiveCfg = Debug|Any CPU
		{22822248-AEA4-4B3A-A5E0-051B703509DB}.Debug|Any CPU.Build.0 = Debug|Any CPU
		{22822248-AEA4-4B3A-A5E0-051B703509DB}.Debug|x64.ActiveCfg = Debug|Any CPU
		{22822248-AEA4-4B3A-A5E0-051B703509DB}.Debug|x64.Build.0 = Debug|Any CPU
		{22822248-AEA4-4B3A-A5E0-051B703509DB}.Debug|x86.ActiveCfg = Debug|Any CPU
		{22822248-AEA4-4B3A-A5E0-051B703509DB}.Debug|x86.Build.0 = Debug|Any CPU
		{22822248-AEA4-4B3A-A5E0-051B703509DB}.Release|Any CPU.ActiveCfg = Release|Any CPU
		{22822248-AEA4-4B3A-A5E0-051B703509DB}.Release|Any CPU.Build.0 = Release|Any CPU
		{22822248-AEA4-4B3A-A5E0-051B703509DB}.Release|x64.ActiveCfg = Release|Any CPU
		{22822248-AEA4-4B3A-A5E0-051B703509DB}.Release|x64.Build.0 = Release|Any CPU
		{22822248-AEA4-4B3A-A5E0-051B703509DB}.Release|x86.ActiveCfg = Release|Any CPU
		{22822248-AEA4-4B3A-A5E0-051B703509DB}.Release|x86.Build.0 = Release|Any CPU
		{3A73929E-ACBE-405A-AD7F-63FC9EC33A94}.Debug|Any CPU.ActiveCfg = Debug|Any CPU
		{3A73929E-ACBE-405A-AD7F-63FC9EC33A94}.Debug|Any CPU.Build.0 = Debug|Any CPU
		{3A73929E-ACBE-405A-AD7F-63FC9EC33A94}.Debug|x64.ActiveCfg = Debug|Any CPU
		{3A73929E-ACBE-405A-AD7F-63FC9EC33A94}.Debug|x64.Build.0 = Debug|Any CPU
		{3A73929E-ACBE-405A-AD7F-63FC9EC33A94}.Debug|x86.ActiveCfg = Debug|Any CPU
		{3A73929E-ACBE-405A-AD7F-63FC9EC33A94}.Debug|x86.Build.0 = Debug|Any CPU
		{3A73929E-ACBE-405A-AD7F-63FC9EC33A94}.Release|Any CPU.ActiveCfg = Release|Any CPU
		{3A73929E-ACBE-405A-AD7F-63FC9EC33A94}.Release|Any CPU.Build.0 = Release|Any CPU
		{3A73929E-ACBE-405A-AD7F-63FC9EC33A94}.Release|x64.ActiveCfg = Release|Any CPU
		{3A73929E-ACBE-405A-AD7F-63FC9EC33A94}.Release|x64.Build.0 = Release|Any CPU
		{3A73929E-ACBE-405A-AD7F-63FC9EC33A94}.Release|x86.ActiveCfg = Release|Any CPU
		{3A73929E-ACBE-405A-AD7F-63FC9EC33A94}.Release|x86.Build.0 = Release|Any CPU
		{2F1C48AE-A459-4353-A19F-B20F408B8425}.Debug|Any CPU.ActiveCfg = Debug|Any CPU
		{2F1C48AE-A459-4353-A19F-B20F408B8425}.Debug|Any CPU.Build.0 = Debug|Any CPU
		{2F1C48AE-A459-4353-A19F-B20F408B8425}.Debug|x64.ActiveCfg = Debug|Any CPU
		{2F1C48AE-A459-4353-A19F-B20F408B8425}.Debug|x64.Build.0 = Debug|Any CPU
		{2F1C48AE-A459-4353-A19F-B20F408B8425}.Debug|x86.ActiveCfg = Debug|Any CPU
		{2F1C48AE-A459-4353-A19F-B20F408B8425}.Debug|x86.Build.0 = Debug|Any CPU
		{2F1C48AE-A459-4353-A19F-B20F408B8425}.Release|Any CPU.ActiveCfg = Release|Any CPU
		{2F1C48AE-A459-4353-A19F-B20F408B8425}.Release|Any CPU.Build.0 = Release|Any CPU
		{2F1C48AE-A459-4353-A19F-B20F408B8425}.Release|x64.ActiveCfg = Release|Any CPU
		{2F1C48AE-A459-4353-A19F-B20F408B8425}.Release|x64.Build.0 = Release|Any CPU
		{2F1C48AE-A459-4353-A19F-B20F408B8425}.Release|x86.ActiveCfg = Release|Any CPU
		{2F1C48AE-A459-4353-A19F-B20F408B8425}.Release|x86.Build.0 = Release|Any CPU
		{60E59F03-2088-400A-B8D4-2B65A462F601}.Debug|Any CPU.ActiveCfg = Debug|Any CPU
		{60E59F03-2088-400A-B8D4-2B65A462F601}.Debug|Any CPU.Build.0 = Debug|Any CPU
		{60E59F03-2088-400A-B8D4-2B65A462F601}.Debug|x64.ActiveCfg = Debug|Any CPU
		{60E59F03-2088-400A-B8D4-2B65A462F601}.Debug|x64.Build.0 = Debug|Any CPU
		{60E59F03-2088-400A-B8D4-2B65A462F601}.Debug|x86.ActiveCfg = Debug|Any CPU
		{60E59F03-2088-400A-B8D4-2B65A462F601}.Debug|x86.Build.0 = Debug|Any CPU
		{60E59F03-2088-400A-B8D4-2B65A462F601}.Release|Any CPU.ActiveCfg = Release|Any CPU
		{60E59F03-2088-400A-B8D4-2B65A462F601}.Release|Any CPU.Build.0 = Release|Any CPU
		{60E59F03-2088-400A-B8D4-2B65A462F601}.Release|x64.ActiveCfg = Release|Any CPU
		{60E59F03-2088-400A-B8D4-2B65A462F601}.Release|x64.Build.0 = Release|Any CPU
		{60E59F03-2088-400A-B8D4-2B65A462F601}.Release|x86.ActiveCfg = Release|Any CPU
		{60E59F03-2088-400A-B8D4-2B65A462F601}.Release|x86.Build.0 = Release|Any CPU
		{027A597F-7B05-42D1-A44C-4CE9472E0790}.Debug|Any CPU.ActiveCfg = Debug|Any CPU
		{027A597F-7B05-42D1-A44C-4CE9472E0790}.Debug|Any CPU.Build.0 = Debug|Any CPU
		{027A597F-7B05-42D1-A44C-4CE9472E0790}.Debug|x64.ActiveCfg = Debug|Any CPU
		{027A597F-7B05-42D1-A44C-4CE9472E0790}.Debug|x64.Build.0 = Debug|Any CPU
		{027A597F-7B05-42D1-A44C-4CE9472E0790}.Debug|x86.ActiveCfg = Debug|Any CPU
		{027A597F-7B05-42D1-A44C-4CE9472E0790}.Debug|x86.Build.0 = Debug|Any CPU
		{027A597F-7B05-42D1-A44C-4CE9472E0790}.Release|Any CPU.ActiveCfg = Release|Any CPU
		{027A597F-7B05-42D1-A44C-4CE9472E0790}.Release|Any CPU.Build.0 = Release|Any CPU
		{027A597F-7B05-42D1-A44C-4CE9472E0790}.Release|x64.ActiveCfg = Release|Any CPU
		{027A597F-7B05-42D1-A44C-4CE9472E0790}.Release|x64.Build.0 = Release|Any CPU
		{027A597F-7B05-42D1-A44C-4CE9472E0790}.Release|x86.ActiveCfg = Release|Any CPU
		{027A597F-7B05-42D1-A44C-4CE9472E0790}.Release|x86.Build.0 = Release|Any CPU
		{8D3E6C95-FE02-4B97-821A-2738C045781A}.Debug|Any CPU.ActiveCfg = Debug|Any CPU
		{8D3E6C95-FE02-4B97-821A-2738C045781A}.Debug|Any CPU.Build.0 = Debug|Any CPU
		{8D3E6C95-FE02-4B97-821A-2738C045781A}.Debug|x64.ActiveCfg = Debug|Any CPU
		{8D3E6C95-FE02-4B97-821A-2738C045781A}.Debug|x64.Build.0 = Debug|Any CPU
		{8D3E6C95-FE02-4B97-821A-2738C045781A}.Debug|x86.ActiveCfg = Debug|Any CPU
		{8D3E6C95-FE02-4B97-821A-2738C045781A}.Debug|x86.Build.0 = Debug|Any CPU
		{8D3E6C95-FE02-4B97-821A-2738C045781A}.Release|Any CPU.ActiveCfg = Release|Any CPU
		{8D3E6C95-FE02-4B97-821A-2738C045781A}.Release|Any CPU.Build.0 = Release|Any CPU
		{8D3E6C95-FE02-4B97-821A-2738C045781A}.Release|x64.ActiveCfg = Release|Any CPU
		{8D3E6C95-FE02-4B97-821A-2738C045781A}.Release|x64.Build.0 = Release|Any CPU
		{8D3E6C95-FE02-4B97-821A-2738C045781A}.Release|x86.ActiveCfg = Release|Any CPU
		{8D3E6C95-FE02-4B97-821A-2738C045781A}.Release|x86.Build.0 = Release|Any CPU
		{D24D62ED-5AC5-4929-BFF8-1EB9AC033B0D}.Debug|Any CPU.ActiveCfg = Debug|Any CPU
		{D24D62ED-5AC5-4929-BFF8-1EB9AC033B0D}.Debug|Any CPU.Build.0 = Debug|Any CPU
		{D24D62ED-5AC5-4929-BFF8-1EB9AC033B0D}.Debug|x64.ActiveCfg = Debug|Any CPU
		{D24D62ED-5AC5-4929-BFF8-1EB9AC033B0D}.Debug|x64.Build.0 = Debug|Any CPU
		{D24D62ED-5AC5-4929-BFF8-1EB9AC033B0D}.Debug|x86.ActiveCfg = Debug|Any CPU
		{D24D62ED-5AC5-4929-BFF8-1EB9AC033B0D}.Debug|x86.Build.0 = Debug|Any CPU
		{D24D62ED-5AC5-4929-BFF8-1EB9AC033B0D}.Release|Any CPU.ActiveCfg = Release|Any CPU
		{D24D62ED-5AC5-4929-BFF8-1EB9AC033B0D}.Release|Any CPU.Build.0 = Release|Any CPU
		{D24D62ED-5AC5-4929-BFF8-1EB9AC033B0D}.Release|x64.ActiveCfg = Release|Any CPU
		{D24D62ED-5AC5-4929-BFF8-1EB9AC033B0D}.Release|x64.Build.0 = Release|Any CPU
		{D24D62ED-5AC5-4929-BFF8-1EB9AC033B0D}.Release|x86.ActiveCfg = Release|Any CPU
		{D24D62ED-5AC5-4929-BFF8-1EB9AC033B0D}.Release|x86.Build.0 = Release|Any CPU
		{57B5606F-6CA5-415A-95CF-505848D05F76}.Debug|Any CPU.ActiveCfg = Debug|Any CPU
		{57B5606F-6CA5-415A-95CF-505848D05F76}.Debug|Any CPU.Build.0 = Debug|Any CPU
		{57B5606F-6CA5-415A-95CF-505848D05F76}.Debug|x64.ActiveCfg = Debug|Any CPU
		{57B5606F-6CA5-415A-95CF-505848D05F76}.Debug|x64.Build.0 = Debug|Any CPU
		{57B5606F-6CA5-415A-95CF-505848D05F76}.Debug|x86.ActiveCfg = Debug|Any CPU
		{57B5606F-6CA5-415A-95CF-505848D05F76}.Debug|x86.Build.0 = Debug|Any CPU
		{57B5606F-6CA5-415A-95CF-505848D05F76}.Release|Any CPU.ActiveCfg = Release|Any CPU
		{57B5606F-6CA5-415A-95CF-505848D05F76}.Release|Any CPU.Build.0 = Release|Any CPU
		{57B5606F-6CA5-415A-95CF-505848D05F76}.Release|x64.ActiveCfg = Release|Any CPU
		{57B5606F-6CA5-415A-95CF-505848D05F76}.Release|x64.Build.0 = Release|Any CPU
		{57B5606F-6CA5-415A-95CF-505848D05F76}.Release|x86.ActiveCfg = Release|Any CPU
		{57B5606F-6CA5-415A-95CF-505848D05F76}.Release|x86.Build.0 = Release|Any CPU
		{434173BB-DF56-4667-88FF-24C4C8F45D05}.Debug|Any CPU.ActiveCfg = Debug|Any CPU
		{434173BB-DF56-4667-88FF-24C4C8F45D05}.Debug|Any CPU.Build.0 = Debug|Any CPU
		{434173BB-DF56-4667-88FF-24C4C8F45D05}.Debug|x64.ActiveCfg = Debug|Any CPU
		{434173BB-DF56-4667-88FF-24C4C8F45D05}.Debug|x64.Build.0 = Debug|Any CPU
		{434173BB-DF56-4667-88FF-24C4C8F45D05}.Debug|x86.ActiveCfg = Debug|Any CPU
		{434173BB-DF56-4667-88FF-24C4C8F45D05}.Debug|x86.Build.0 = Debug|Any CPU
		{434173BB-DF56-4667-88FF-24C4C8F45D05}.Release|Any CPU.ActiveCfg = Release|Any CPU
		{434173BB-DF56-4667-88FF-24C4C8F45D05}.Release|Any CPU.Build.0 = Release|Any CPU
		{434173BB-DF56-4667-88FF-24C4C8F45D05}.Release|x64.ActiveCfg = Release|Any CPU
		{434173BB-DF56-4667-88FF-24C4C8F45D05}.Release|x64.Build.0 = Release|Any CPU
		{434173BB-DF56-4667-88FF-24C4C8F45D05}.Release|x86.ActiveCfg = Release|Any CPU
		{434173BB-DF56-4667-88FF-24C4C8F45D05}.Release|x86.Build.0 = Release|Any CPU
		{4F65A7E3-0C40-4B77-BE5F-14A8F8DE2A84}.Debug|Any CPU.ActiveCfg = Debug|Any CPU
		{4F65A7E3-0C40-4B77-BE5F-14A8F8DE2A84}.Debug|Any CPU.Build.0 = Debug|Any CPU
		{4F65A7E3-0C40-4B77-BE5F-14A8F8DE2A84}.Debug|x64.ActiveCfg = Debug|Any CPU
		{4F65A7E3-0C40-4B77-BE5F-14A8F8DE2A84}.Debug|x64.Build.0 = Debug|Any CPU
		{4F65A7E3-0C40-4B77-BE5F-14A8F8DE2A84}.Debug|x86.ActiveCfg = Debug|Any CPU
		{4F65A7E3-0C40-4B77-BE5F-14A8F8DE2A84}.Debug|x86.Build.0 = Debug|Any CPU
		{4F65A7E3-0C40-4B77-BE5F-14A8F8DE2A84}.Release|Any CPU.ActiveCfg = Release|Any CPU
		{4F65A7E3-0C40-4B77-BE5F-14A8F8DE2A84}.Release|Any CPU.Build.0 = Release|Any CPU
		{4F65A7E3-0C40-4B77-BE5F-14A8F8DE2A84}.Release|x64.ActiveCfg = Release|Any CPU
		{4F65A7E3-0C40-4B77-BE5F-14A8F8DE2A84}.Release|x64.Build.0 = Release|Any CPU
		{4F65A7E3-0C40-4B77-BE5F-14A8F8DE2A84}.Release|x86.ActiveCfg = Release|Any CPU
		{4F65A7E3-0C40-4B77-BE5F-14A8F8DE2A84}.Release|x86.Build.0 = Release|Any CPU
		{74A3740C-4E0A-4DE0-A08B-18D86A83EBF3}.Debug|Any CPU.ActiveCfg = Debug|Any CPU
		{74A3740C-4E0A-4DE0-A08B-18D86A83EBF3}.Debug|Any CPU.Build.0 = Debug|Any CPU
		{74A3740C-4E0A-4DE0-A08B-18D86A83EBF3}.Debug|x64.ActiveCfg = Debug|Any CPU
		{74A3740C-4E0A-4DE0-A08B-18D86A83EBF3}.Debug|x64.Build.0 = Debug|Any CPU
		{74A3740C-4E0A-4DE0-A08B-18D86A83EBF3}.Debug|x86.ActiveCfg = Debug|Any CPU
		{74A3740C-4E0A-4DE0-A08B-18D86A83EBF3}.Debug|x86.Build.0 = Debug|Any CPU
		{74A3740C-4E0A-4DE0-A08B-18D86A83EBF3}.Release|Any CPU.ActiveCfg = Release|Any CPU
		{74A3740C-4E0A-4DE0-A08B-18D86A83EBF3}.Release|Any CPU.Build.0 = Release|Any CPU
		{74A3740C-4E0A-4DE0-A08B-18D86A83EBF3}.Release|x64.ActiveCfg = Release|Any CPU
		{74A3740C-4E0A-4DE0-A08B-18D86A83EBF3}.Release|x64.Build.0 = Release|Any CPU
		{74A3740C-4E0A-4DE0-A08B-18D86A83EBF3}.Release|x86.ActiveCfg = Release|Any CPU
		{74A3740C-4E0A-4DE0-A08B-18D86A83EBF3}.Release|x86.Build.0 = Release|Any CPU
		{1742DDFC-AD57-44D4-93D2-D1C21A90467D}.Debug|Any CPU.ActiveCfg = Debug|Any CPU
		{1742DDFC-AD57-44D4-93D2-D1C21A90467D}.Debug|Any CPU.Build.0 = Debug|Any CPU
		{1742DDFC-AD57-44D4-93D2-D1C21A90467D}.Debug|x64.ActiveCfg = Debug|Any CPU
		{1742DDFC-AD57-44D4-93D2-D1C21A90467D}.Debug|x64.Build.0 = Debug|Any CPU
		{1742DDFC-AD57-44D4-93D2-D1C21A90467D}.Debug|x86.ActiveCfg = Debug|Any CPU
		{1742DDFC-AD57-44D4-93D2-D1C21A90467D}.Debug|x86.Build.0 = Debug|Any CPU
		{1742DDFC-AD57-44D4-93D2-D1C21A90467D}.Release|Any CPU.ActiveCfg = Release|Any CPU
		{1742DDFC-AD57-44D4-93D2-D1C21A90467D}.Release|Any CPU.Build.0 = Release|Any CPU
		{1742DDFC-AD57-44D4-93D2-D1C21A90467D}.Release|x64.ActiveCfg = Release|Any CPU
		{1742DDFC-AD57-44D4-93D2-D1C21A90467D}.Release|x64.Build.0 = Release|Any CPU
		{1742DDFC-AD57-44D4-93D2-D1C21A90467D}.Release|x86.ActiveCfg = Release|Any CPU
		{1742DDFC-AD57-44D4-93D2-D1C21A90467D}.Release|x86.Build.0 = Release|Any CPU
		{23739FA0-1306-4E8F-B9B9-0AA16D749DC4}.Debug|Any CPU.ActiveCfg = Debug|Any CPU
		{23739FA0-1306-4E8F-B9B9-0AA16D749DC4}.Debug|Any CPU.Build.0 = Debug|Any CPU
		{23739FA0-1306-4E8F-B9B9-0AA16D749DC4}.Debug|x64.ActiveCfg = Debug|Any CPU
		{23739FA0-1306-4E8F-B9B9-0AA16D749DC4}.Debug|x64.Build.0 = Debug|Any CPU
		{23739FA0-1306-4E8F-B9B9-0AA16D749DC4}.Debug|x86.ActiveCfg = Debug|Any CPU
		{23739FA0-1306-4E8F-B9B9-0AA16D749DC4}.Debug|x86.Build.0 = Debug|Any CPU
		{23739FA0-1306-4E8F-B9B9-0AA16D749DC4}.Release|Any CPU.ActiveCfg = Release|Any CPU
		{23739FA0-1306-4E8F-B9B9-0AA16D749DC4}.Release|Any CPU.Build.0 = Release|Any CPU
		{23739FA0-1306-4E8F-B9B9-0AA16D749DC4}.Release|x64.ActiveCfg = Release|Any CPU
		{23739FA0-1306-4E8F-B9B9-0AA16D749DC4}.Release|x64.Build.0 = Release|Any CPU
		{23739FA0-1306-4E8F-B9B9-0AA16D749DC4}.Release|x86.ActiveCfg = Release|Any CPU
		{23739FA0-1306-4E8F-B9B9-0AA16D749DC4}.Release|x86.Build.0 = Release|Any CPU
		{1A0F824A-BA0A-4547-B0AE-F6C3A8634516}.Debug|Any CPU.ActiveCfg = Debug|Any CPU
		{1A0F824A-BA0A-4547-B0AE-F6C3A8634516}.Debug|Any CPU.Build.0 = Debug|Any CPU
		{1A0F824A-BA0A-4547-B0AE-F6C3A8634516}.Debug|x64.ActiveCfg = Debug|Any CPU
		{1A0F824A-BA0A-4547-B0AE-F6C3A8634516}.Debug|x64.Build.0 = Debug|Any CPU
		{1A0F824A-BA0A-4547-B0AE-F6C3A8634516}.Debug|x86.ActiveCfg = Debug|Any CPU
		{1A0F824A-BA0A-4547-B0AE-F6C3A8634516}.Debug|x86.Build.0 = Debug|Any CPU
		{1A0F824A-BA0A-4547-B0AE-F6C3A8634516}.Release|Any CPU.ActiveCfg = Release|Any CPU
		{1A0F824A-BA0A-4547-B0AE-F6C3A8634516}.Release|Any CPU.Build.0 = Release|Any CPU
		{1A0F824A-BA0A-4547-B0AE-F6C3A8634516}.Release|x64.ActiveCfg = Release|Any CPU
		{1A0F824A-BA0A-4547-B0AE-F6C3A8634516}.Release|x64.Build.0 = Release|Any CPU
		{1A0F824A-BA0A-4547-B0AE-F6C3A8634516}.Release|x86.ActiveCfg = Release|Any CPU
		{1A0F824A-BA0A-4547-B0AE-F6C3A8634516}.Release|x86.Build.0 = Release|Any CPU
		{6B9817AB-2C17-4BFC-A3C2-CE8A5C47A078}.Debug|Any CPU.ActiveCfg = Debug|Any CPU
		{6B9817AB-2C17-4BFC-A3C2-CE8A5C47A078}.Debug|Any CPU.Build.0 = Debug|Any CPU
		{6B9817AB-2C17-4BFC-A3C2-CE8A5C47A078}.Debug|x64.ActiveCfg = Debug|Any CPU
		{6B9817AB-2C17-4BFC-A3C2-CE8A5C47A078}.Debug|x64.Build.0 = Debug|Any CPU
		{6B9817AB-2C17-4BFC-A3C2-CE8A5C47A078}.Debug|x86.ActiveCfg = Debug|Any CPU
		{6B9817AB-2C17-4BFC-A3C2-CE8A5C47A078}.Debug|x86.Build.0 = Debug|Any CPU
		{6B9817AB-2C17-4BFC-A3C2-CE8A5C47A078}.Release|Any CPU.ActiveCfg = Release|Any CPU
		{6B9817AB-2C17-4BFC-A3C2-CE8A5C47A078}.Release|Any CPU.Build.0 = Release|Any CPU
		{6B9817AB-2C17-4BFC-A3C2-CE8A5C47A078}.Release|x64.ActiveCfg = Release|Any CPU
		{6B9817AB-2C17-4BFC-A3C2-CE8A5C47A078}.Release|x64.Build.0 = Release|Any CPU
		{6B9817AB-2C17-4BFC-A3C2-CE8A5C47A078}.Release|x86.ActiveCfg = Release|Any CPU
		{6B9817AB-2C17-4BFC-A3C2-CE8A5C47A078}.Release|x86.Build.0 = Release|Any CPU
		{6BF2E183-1C4E-4EC2-B32B-41FB99E8D379}.Debug|Any CPU.ActiveCfg = Debug|Any CPU
		{6BF2E183-1C4E-4EC2-B32B-41FB99E8D379}.Debug|Any CPU.Build.0 = Debug|Any CPU
		{6BF2E183-1C4E-4EC2-B32B-41FB99E8D379}.Debug|x64.ActiveCfg = Debug|Any CPU
		{6BF2E183-1C4E-4EC2-B32B-41FB99E8D379}.Debug|x64.Build.0 = Debug|Any CPU
		{6BF2E183-1C4E-4EC2-B32B-41FB99E8D379}.Debug|x86.ActiveCfg = Debug|Any CPU
		{6BF2E183-1C4E-4EC2-B32B-41FB99E8D379}.Debug|x86.Build.0 = Debug|Any CPU
		{6BF2E183-1C4E-4EC2-B32B-41FB99E8D379}.Release|Any CPU.ActiveCfg = Release|Any CPU
		{6BF2E183-1C4E-4EC2-B32B-41FB99E8D379}.Release|Any CPU.Build.0 = Release|Any CPU
		{6BF2E183-1C4E-4EC2-B32B-41FB99E8D379}.Release|x64.ActiveCfg = Release|Any CPU
		{6BF2E183-1C4E-4EC2-B32B-41FB99E8D379}.Release|x64.Build.0 = Release|Any CPU
		{6BF2E183-1C4E-4EC2-B32B-41FB99E8D379}.Release|x86.ActiveCfg = Release|Any CPU
		{6BF2E183-1C4E-4EC2-B32B-41FB99E8D379}.Release|x86.Build.0 = Release|Any CPU
		{4E037690-6F50-4334-A39C-CBDE6A4E8CED}.Debug|Any CPU.ActiveCfg = Debug|Any CPU
		{4E037690-6F50-4334-A39C-CBDE6A4E8CED}.Debug|Any CPU.Build.0 = Debug|Any CPU
		{4E037690-6F50-4334-A39C-CBDE6A4E8CED}.Debug|x64.ActiveCfg = Debug|Any CPU
		{4E037690-6F50-4334-A39C-CBDE6A4E8CED}.Debug|x64.Build.0 = Debug|Any CPU
		{4E037690-6F50-4334-A39C-CBDE6A4E8CED}.Debug|x86.ActiveCfg = Debug|Any CPU
		{4E037690-6F50-4334-A39C-CBDE6A4E8CED}.Debug|x86.Build.0 = Debug|Any CPU
		{4E037690-6F50-4334-A39C-CBDE6A4E8CED}.Release|Any CPU.ActiveCfg = Release|Any CPU
		{4E037690-6F50-4334-A39C-CBDE6A4E8CED}.Release|Any CPU.Build.0 = Release|Any CPU
		{4E037690-6F50-4334-A39C-CBDE6A4E8CED}.Release|x64.ActiveCfg = Release|Any CPU
		{4E037690-6F50-4334-A39C-CBDE6A4E8CED}.Release|x64.Build.0 = Release|Any CPU
		{4E037690-6F50-4334-A39C-CBDE6A4E8CED}.Release|x86.ActiveCfg = Release|Any CPU
		{4E037690-6F50-4334-A39C-CBDE6A4E8CED}.Release|x86.Build.0 = Release|Any CPU
		{3D5F5EC0-43A2-401E-B49C-63FEBD5BD91D}.Debug|Any CPU.ActiveCfg = Debug|Any CPU
		{3D5F5EC0-43A2-401E-B49C-63FEBD5BD91D}.Debug|Any CPU.Build.0 = Debug|Any CPU
		{3D5F5EC0-43A2-401E-B49C-63FEBD5BD91D}.Debug|x64.ActiveCfg = Debug|Any CPU
		{3D5F5EC0-43A2-401E-B49C-63FEBD5BD91D}.Debug|x64.Build.0 = Debug|Any CPU
		{3D5F5EC0-43A2-401E-B49C-63FEBD5BD91D}.Debug|x86.ActiveCfg = Debug|Any CPU
		{3D5F5EC0-43A2-401E-B49C-63FEBD5BD91D}.Debug|x86.Build.0 = Debug|Any CPU
		{3D5F5EC0-43A2-401E-B49C-63FEBD5BD91D}.Release|Any CPU.ActiveCfg = Release|Any CPU
		{3D5F5EC0-43A2-401E-B49C-63FEBD5BD91D}.Release|Any CPU.Build.0 = Release|Any CPU
		{3D5F5EC0-43A2-401E-B49C-63FEBD5BD91D}.Release|x64.ActiveCfg = Release|Any CPU
		{3D5F5EC0-43A2-401E-B49C-63FEBD5BD91D}.Release|x64.Build.0 = Release|Any CPU
		{3D5F5EC0-43A2-401E-B49C-63FEBD5BD91D}.Release|x86.ActiveCfg = Release|Any CPU
		{3D5F5EC0-43A2-401E-B49C-63FEBD5BD91D}.Release|x86.Build.0 = Release|Any CPU
		{B7C23E36-0C89-45FC-BAA0-3791045C56DD}.Debug|Any CPU.ActiveCfg = Debug|Any CPU
		{B7C23E36-0C89-45FC-BAA0-3791045C56DD}.Debug|Any CPU.Build.0 = Debug|Any CPU
		{B7C23E36-0C89-45FC-BAA0-3791045C56DD}.Debug|x64.ActiveCfg = Debug|Any CPU
		{B7C23E36-0C89-45FC-BAA0-3791045C56DD}.Debug|x64.Build.0 = Debug|Any CPU
		{B7C23E36-0C89-45FC-BAA0-3791045C56DD}.Debug|x86.ActiveCfg = Debug|Any CPU
		{B7C23E36-0C89-45FC-BAA0-3791045C56DD}.Debug|x86.Build.0 = Debug|Any CPU
		{B7C23E36-0C89-45FC-BAA0-3791045C56DD}.Release|Any CPU.ActiveCfg = Release|Any CPU
		{B7C23E36-0C89-45FC-BAA0-3791045C56DD}.Release|Any CPU.Build.0 = Release|Any CPU
		{B7C23E36-0C89-45FC-BAA0-3791045C56DD}.Release|x64.ActiveCfg = Release|Any CPU
		{B7C23E36-0C89-45FC-BAA0-3791045C56DD}.Release|x64.Build.0 = Release|Any CPU
		{B7C23E36-0C89-45FC-BAA0-3791045C56DD}.Release|x86.ActiveCfg = Release|Any CPU
		{B7C23E36-0C89-45FC-BAA0-3791045C56DD}.Release|x86.Build.0 = Release|Any CPU
		{E6E5A575-085C-41A0-9D58-4099D766AC9D}.Debug|Any CPU.ActiveCfg = Debug|Any CPU
		{E6E5A575-085C-41A0-9D58-4099D766AC9D}.Debug|Any CPU.Build.0 = Debug|Any CPU
		{E6E5A575-085C-41A0-9D58-4099D766AC9D}.Debug|x64.ActiveCfg = Debug|Any CPU
		{E6E5A575-085C-41A0-9D58-4099D766AC9D}.Debug|x64.Build.0 = Debug|Any CPU
		{E6E5A575-085C-41A0-9D58-4099D766AC9D}.Debug|x86.ActiveCfg = Debug|Any CPU
		{E6E5A575-085C-41A0-9D58-4099D766AC9D}.Debug|x86.Build.0 = Debug|Any CPU
		{E6E5A575-085C-41A0-9D58-4099D766AC9D}.Release|Any CPU.ActiveCfg = Release|Any CPU
		{E6E5A575-085C-41A0-9D58-4099D766AC9D}.Release|Any CPU.Build.0 = Release|Any CPU
		{E6E5A575-085C-41A0-9D58-4099D766AC9D}.Release|x64.ActiveCfg = Release|Any CPU
		{E6E5A575-085C-41A0-9D58-4099D766AC9D}.Release|x64.Build.0 = Release|Any CPU
		{E6E5A575-085C-41A0-9D58-4099D766AC9D}.Release|x86.ActiveCfg = Release|Any CPU
		{E6E5A575-085C-41A0-9D58-4099D766AC9D}.Release|x86.Build.0 = Release|Any CPU
		{2117A19C-E745-4021-9307-DA338154E408}.Debug|Any CPU.ActiveCfg = Debug|Any CPU
		{2117A19C-E745-4021-9307-DA338154E408}.Debug|Any CPU.Build.0 = Debug|Any CPU
		{2117A19C-E745-4021-9307-DA338154E408}.Debug|x64.ActiveCfg = Debug|Any CPU
		{2117A19C-E745-4021-9307-DA338154E408}.Debug|x64.Build.0 = Debug|Any CPU
		{2117A19C-E745-4021-9307-DA338154E408}.Debug|x86.ActiveCfg = Debug|Any CPU
		{2117A19C-E745-4021-9307-DA338154E408}.Debug|x86.Build.0 = Debug|Any CPU
		{2117A19C-E745-4021-9307-DA338154E408}.Release|Any CPU.ActiveCfg = Release|Any CPU
		{2117A19C-E745-4021-9307-DA338154E408}.Release|Any CPU.Build.0 = Release|Any CPU
		{2117A19C-E745-4021-9307-DA338154E408}.Release|x64.ActiveCfg = Release|Any CPU
		{2117A19C-E745-4021-9307-DA338154E408}.Release|x64.Build.0 = Release|Any CPU
		{2117A19C-E745-4021-9307-DA338154E408}.Release|x86.ActiveCfg = Release|Any CPU
		{2117A19C-E745-4021-9307-DA338154E408}.Release|x86.Build.0 = Release|Any CPU
		{41548056-7092-4638-904C-EDFA2910DB8C}.Debug|Any CPU.ActiveCfg = Debug|Any CPU
		{41548056-7092-4638-904C-EDFA2910DB8C}.Debug|Any CPU.Build.0 = Debug|Any CPU
		{41548056-7092-4638-904C-EDFA2910DB8C}.Debug|x64.ActiveCfg = Debug|Any CPU
		{41548056-7092-4638-904C-EDFA2910DB8C}.Debug|x64.Build.0 = Debug|Any CPU
		{41548056-7092-4638-904C-EDFA2910DB8C}.Debug|x86.ActiveCfg = Debug|Any CPU
		{41548056-7092-4638-904C-EDFA2910DB8C}.Debug|x86.Build.0 = Debug|Any CPU
		{41548056-7092-4638-904C-EDFA2910DB8C}.Release|Any CPU.ActiveCfg = Release|Any CPU
		{41548056-7092-4638-904C-EDFA2910DB8C}.Release|Any CPU.Build.0 = Release|Any CPU
		{41548056-7092-4638-904C-EDFA2910DB8C}.Release|x64.ActiveCfg = Release|Any CPU
		{41548056-7092-4638-904C-EDFA2910DB8C}.Release|x64.Build.0 = Release|Any CPU
		{41548056-7092-4638-904C-EDFA2910DB8C}.Release|x86.ActiveCfg = Release|Any CPU
		{41548056-7092-4638-904C-EDFA2910DB8C}.Release|x86.Build.0 = Release|Any CPU
		{3A059A13-E00F-48AD-A89F-7516C90B254D}.Debug|Any CPU.ActiveCfg = Debug|Any CPU
		{3A059A13-E00F-48AD-A89F-7516C90B254D}.Debug|Any CPU.Build.0 = Debug|Any CPU
		{3A059A13-E00F-48AD-A89F-7516C90B254D}.Debug|x64.ActiveCfg = Debug|Any CPU
		{3A059A13-E00F-48AD-A89F-7516C90B254D}.Debug|x64.Build.0 = Debug|Any CPU
		{3A059A13-E00F-48AD-A89F-7516C90B254D}.Debug|x86.ActiveCfg = Debug|Any CPU
		{3A059A13-E00F-48AD-A89F-7516C90B254D}.Debug|x86.Build.0 = Debug|Any CPU
		{3A059A13-E00F-48AD-A89F-7516C90B254D}.Release|Any CPU.ActiveCfg = Release|Any CPU
		{3A059A13-E00F-48AD-A89F-7516C90B254D}.Release|Any CPU.Build.0 = Release|Any CPU
		{3A059A13-E00F-48AD-A89F-7516C90B254D}.Release|x64.ActiveCfg = Release|Any CPU
		{3A059A13-E00F-48AD-A89F-7516C90B254D}.Release|x64.Build.0 = Release|Any CPU
		{3A059A13-E00F-48AD-A89F-7516C90B254D}.Release|x86.ActiveCfg = Release|Any CPU
		{3A059A13-E00F-48AD-A89F-7516C90B254D}.Release|x86.Build.0 = Release|Any CPU
		{609E9FEA-DD66-4C88-846C-24E95E2070EA}.Debug|Any CPU.ActiveCfg = Debug|Any CPU
		{609E9FEA-DD66-4C88-846C-24E95E2070EA}.Debug|Any CPU.Build.0 = Debug|Any CPU
		{609E9FEA-DD66-4C88-846C-24E95E2070EA}.Debug|x64.ActiveCfg = Debug|Any CPU
		{609E9FEA-DD66-4C88-846C-24E95E2070EA}.Debug|x64.Build.0 = Debug|Any CPU
		{609E9FEA-DD66-4C88-846C-24E95E2070EA}.Debug|x86.ActiveCfg = Debug|Any CPU
		{609E9FEA-DD66-4C88-846C-24E95E2070EA}.Debug|x86.Build.0 = Debug|Any CPU
		{609E9FEA-DD66-4C88-846C-24E95E2070EA}.Release|Any CPU.ActiveCfg = Release|Any CPU
		{609E9FEA-DD66-4C88-846C-24E95E2070EA}.Release|Any CPU.Build.0 = Release|Any CPU
		{609E9FEA-DD66-4C88-846C-24E95E2070EA}.Release|x64.ActiveCfg = Release|Any CPU
		{609E9FEA-DD66-4C88-846C-24E95E2070EA}.Release|x64.Build.0 = Release|Any CPU
		{609E9FEA-DD66-4C88-846C-24E95E2070EA}.Release|x86.ActiveCfg = Release|Any CPU
		{609E9FEA-DD66-4C88-846C-24E95E2070EA}.Release|x86.Build.0 = Release|Any CPU
		{04A34765-2121-4BCF-8FB9-D70925B5538C}.Debug|Any CPU.ActiveCfg = Debug|Any CPU
		{04A34765-2121-4BCF-8FB9-D70925B5538C}.Debug|Any CPU.Build.0 = Debug|Any CPU
		{04A34765-2121-4BCF-8FB9-D70925B5538C}.Debug|x64.ActiveCfg = Debug|Any CPU
		{04A34765-2121-4BCF-8FB9-D70925B5538C}.Debug|x64.Build.0 = Debug|Any CPU
		{04A34765-2121-4BCF-8FB9-D70925B5538C}.Debug|x86.ActiveCfg = Debug|Any CPU
		{04A34765-2121-4BCF-8FB9-D70925B5538C}.Debug|x86.Build.0 = Debug|Any CPU
		{04A34765-2121-4BCF-8FB9-D70925B5538C}.Release|Any CPU.ActiveCfg = Release|Any CPU
		{04A34765-2121-4BCF-8FB9-D70925B5538C}.Release|Any CPU.Build.0 = Release|Any CPU
		{04A34765-2121-4BCF-8FB9-D70925B5538C}.Release|x64.ActiveCfg = Release|Any CPU
		{04A34765-2121-4BCF-8FB9-D70925B5538C}.Release|x64.Build.0 = Release|Any CPU
		{04A34765-2121-4BCF-8FB9-D70925B5538C}.Release|x86.ActiveCfg = Release|Any CPU
		{04A34765-2121-4BCF-8FB9-D70925B5538C}.Release|x86.Build.0 = Release|Any CPU
		{D3F1685A-AFB3-4882-8FC0-34DC6D8065CA}.Debug|Any CPU.ActiveCfg = Debug|Any CPU
		{D3F1685A-AFB3-4882-8FC0-34DC6D8065CA}.Debug|Any CPU.Build.0 = Debug|Any CPU
		{D3F1685A-AFB3-4882-8FC0-34DC6D8065CA}.Debug|x64.ActiveCfg = Debug|Any CPU
		{D3F1685A-AFB3-4882-8FC0-34DC6D8065CA}.Debug|x64.Build.0 = Debug|Any CPU
		{D3F1685A-AFB3-4882-8FC0-34DC6D8065CA}.Debug|x86.ActiveCfg = Debug|Any CPU
		{D3F1685A-AFB3-4882-8FC0-34DC6D8065CA}.Debug|x86.Build.0 = Debug|Any CPU
		{D3F1685A-AFB3-4882-8FC0-34DC6D8065CA}.Release|Any CPU.ActiveCfg = Release|Any CPU
		{D3F1685A-AFB3-4882-8FC0-34DC6D8065CA}.Release|Any CPU.Build.0 = Release|Any CPU
		{D3F1685A-AFB3-4882-8FC0-34DC6D8065CA}.Release|x64.ActiveCfg = Release|Any CPU
		{D3F1685A-AFB3-4882-8FC0-34DC6D8065CA}.Release|x64.Build.0 = Release|Any CPU
		{D3F1685A-AFB3-4882-8FC0-34DC6D8065CA}.Release|x86.ActiveCfg = Release|Any CPU
		{D3F1685A-AFB3-4882-8FC0-34DC6D8065CA}.Release|x86.Build.0 = Release|Any CPU
		{E322F1D4-AB5A-49A5-91DC-5607DE8F1B86}.Debug|Any CPU.ActiveCfg = Debug|Any CPU
		{E322F1D4-AB5A-49A5-91DC-5607DE8F1B86}.Debug|Any CPU.Build.0 = Debug|Any CPU
		{E322F1D4-AB5A-49A5-91DC-5607DE8F1B86}.Debug|x64.ActiveCfg = Debug|Any CPU
		{E322F1D4-AB5A-49A5-91DC-5607DE8F1B86}.Debug|x64.Build.0 = Debug|Any CPU
		{E322F1D4-AB5A-49A5-91DC-5607DE8F1B86}.Debug|x86.ActiveCfg = Debug|Any CPU
		{E322F1D4-AB5A-49A5-91DC-5607DE8F1B86}.Debug|x86.Build.0 = Debug|Any CPU
		{E322F1D4-AB5A-49A5-91DC-5607DE8F1B86}.Release|Any CPU.ActiveCfg = Release|Any CPU
		{E322F1D4-AB5A-49A5-91DC-5607DE8F1B86}.Release|Any CPU.Build.0 = Release|Any CPU
		{E322F1D4-AB5A-49A5-91DC-5607DE8F1B86}.Release|x64.ActiveCfg = Release|Any CPU
		{E322F1D4-AB5A-49A5-91DC-5607DE8F1B86}.Release|x64.Build.0 = Release|Any CPU
		{E322F1D4-AB5A-49A5-91DC-5607DE8F1B86}.Release|x86.ActiveCfg = Release|Any CPU
		{E322F1D4-AB5A-49A5-91DC-5607DE8F1B86}.Release|x86.Build.0 = Release|Any CPU
		{A38FD755-A312-4E89-93B9-0B5ABBF8A78B}.Debug|Any CPU.ActiveCfg = Debug|Any CPU
		{A38FD755-A312-4E89-93B9-0B5ABBF8A78B}.Debug|Any CPU.Build.0 = Debug|Any CPU
		{A38FD755-A312-4E89-93B9-0B5ABBF8A78B}.Debug|x64.ActiveCfg = Debug|Any CPU
		{A38FD755-A312-4E89-93B9-0B5ABBF8A78B}.Debug|x64.Build.0 = Debug|Any CPU
		{A38FD755-A312-4E89-93B9-0B5ABBF8A78B}.Debug|x86.ActiveCfg = Debug|Any CPU
		{A38FD755-A312-4E89-93B9-0B5ABBF8A78B}.Debug|x86.Build.0 = Debug|Any CPU
		{A38FD755-A312-4E89-93B9-0B5ABBF8A78B}.Release|Any CPU.ActiveCfg = Release|Any CPU
		{A38FD755-A312-4E89-93B9-0B5ABBF8A78B}.Release|Any CPU.Build.0 = Release|Any CPU
		{A38FD755-A312-4E89-93B9-0B5ABBF8A78B}.Release|x64.ActiveCfg = Release|Any CPU
		{A38FD755-A312-4E89-93B9-0B5ABBF8A78B}.Release|x64.Build.0 = Release|Any CPU
		{A38FD755-A312-4E89-93B9-0B5ABBF8A78B}.Release|x86.ActiveCfg = Release|Any CPU
		{A38FD755-A312-4E89-93B9-0B5ABBF8A78B}.Release|x86.Build.0 = Release|Any CPU
	EndGlobalSection
EndGlobal
